
Microsoft Visual Studio Solution File, Format Version 10.00
# Visual Studio 2008
Project("{2150E333-8FDC-42A3-9474-1A3956D46DE8}") = "CCI", "CCI", "{32D690E4-5486-4983-90B4-6FD8C0A7A7C4}"
EndProject
Project("{2150E333-8FDC-42A3-9474-1A3956D46DE8}") = "Metadata", "Metadata", "{EB228A9D-76D8-4B9A-AA71-24F092FAAD7C}"
EndProject
Project("{2150E333-8FDC-42A3-9474-1A3956D46DE8}") = "Ast", "Ast", "{BEDD0E63-6EFD-4FF6-B0F9-D155D8DC5205}"
EndProject
Project("{FAE04EC0-301F-11D3-BF4B-00C04F79EFBC}") = "AstsProjectedAsCodeModel", "..\..\Ast\Sources\AstsProjectedAsCodeModel\AstsProjectedAsCodeModel.csproj", "{15FF2982-EBD1-45DC-8FDF-4D901236E3D9}"
EndProject
Project("{FAE04EC0-301F-11D3-BF4B-00C04F79EFBC}") = "CodeModel", "..\..\Ast\Sources\CodeModel\CodeModel.csproj", "{035FEA7F-0D36-4AE4-B694-EC45191B9AF2}"
EndProject
Project("{FAE04EC0-301F-11D3-BF4B-00C04F79EFBC}") = "CodeModelNormalizer", "..\..\Ast\Sources\CodeModelNormalizer\CodeModelNormalizer.csproj", "{B98C89CF-BF3E-405C-88DE-D60AE4AADA15}"
EndProject
Project("{FAE04EC0-301F-11D3-BF4B-00C04F79EFBC}") = "CodeModelToIL", "..\..\Ast\Sources\CodeModelToIL\CodeModelToIL.csproj", "{CEB76EA1-A168-49B0-A410-2C4195FEE86F}"
EndProject
Project("{FAE04EC0-301F-11D3-BF4B-00C04F79EFBC}") = "MetadataHelper", "..\..\Ast\Metadata\Sources\MetadataHelper\MetadataHelper.csproj", "{4A34A3C5-6176-49D7-A4C5-B2B671247F8F}"
EndProject
Project("{FAE04EC0-301F-11D3-BF4B-00C04F79EFBC}") = "MetadataModel", "..\..\Ast\Metadata\Sources\MetadataModel\MetadataModel.csproj", "{33CAB640-0D03-43DF-81BD-22CDC6C0A597}"
EndProject
Project("{FAE04EC0-301F-11D3-BF4B-00C04F79EFBC}") = "MutableMetadataModel", "..\..\Ast\Metadata\Sources\MutableMetadataModel\MutableMetadataModel.csproj", "{319E151C-8F33-49E7-81C9-30F02F9BA90A}"
EndProject
Project("{FAE04EC0-301F-11D3-BF4B-00C04F79EFBC}") = "MutableCodeModel", "..\..\Ast\Sources\MutableCodeModel\MutableCodeModel.csproj", "{319E150C-8F33-49E7-81CA-30F02F9BA90A}"
EndProject
Project("{FAE04EC0-301F-11D3-BF4B-00C04F79EFBC}") = "SourceModel", "..\..\Ast\Metadata\Sources\SourceModel\SourceModel.csproj", "{4B0054FD-124A-4037-9965-BDB55E6BF389}"
EndProject
Project("{FAE04EC0-301F-11D3-BF4B-00C04F79EFBC}") = "ILGenerator", "..\..\Ast\Metadata\Sources\ILGenerator\ILGenerator.csproj", "{08156C78-403A-4112-AD81-8646AC51CD2F}"
EndProject
Project("{FAE04EC0-301F-11D3-BF4B-00C04F79EFBC}") = "PeReader", "..\..\Ast\Metadata\Sources\PeReader\PeReader.csproj", "{34B9A0CE-DF18-4CBC-8F7A-90C2B74338D5}"
EndProject
Project("{FAE04EC0-301F-11D3-BF4B-00C04F79EFBC}") = "PeWriter", "..\..\Ast\Metadata\Sources\PeWriter\PeWriter.csproj", "{304A8B0B-851B-4AA6-A17D-5F87F39C5E5C}"
EndProject
Project("{FAE04EC0-301F-11D3-BF4B-00C04F79EFBC}") = "PdbWriter", "..\..\Ast\Metadata\Sources\PdbWriter\PdbWriter.csproj", "{6D83F687-ABB5-40B3-915E-CA53DA0EB7F3}"
EndProject
Project("{FAE04EC0-301F-11D3-BF4B-00C04F79EFBC}") = "CSharpLite", "CSharpLite\CSharpLite.csproj", "{B855D039-8A27-419D-9A81-86FF93227E30}"
EndProject
Project("{FAE04EC0-301F-11D3-BF4B-00C04F79EFBC}") = "CSharpLiteCommandLineHost", "CSharpLiteCommandLineHost\CSharpLiteCommandLineHost.csproj", "{0255FB0C-31EE-46CF-94A9-E3787331D9CA}"
EndProject
Project("{FAE04EC0-301F-11D3-BF4B-00C04F79EFBC}") = "CSharpLiteTests", "CSharpLiteTests\CSharpLiteTests.csproj", "{6E762516-E7E3-4267-93BF-457666D4F9E6}"
EndProject
Global
	GlobalSection(SolutionConfigurationPlatforms) = preSolution
		Debug|Any CPU = Debug|Any CPU
		NightlyDebug|Any CPU = NightlyDebug|Any CPU
		NightlyRelease|Any CPU = NightlyRelease|Any CPU
		Release|Any CPU = Release|Any CPU
	EndGlobalSection
	GlobalSection(ProjectConfigurationPlatforms) = postSolution
		{15FF2982-EBD1-45DC-8FDF-4D901236E3D9}.Debug|Any CPU.ActiveCfg = Debug|Any CPU
		{15FF2982-EBD1-45DC-8FDF-4D901236E3D9}.Debug|Any CPU.Build.0 = Debug|Any CPU
		{15FF2982-EBD1-45DC-8FDF-4D901236E3D9}.NightlyDebug|Any CPU.ActiveCfg = NightlyDebug|Any CPU
		{15FF2982-EBD1-45DC-8FDF-4D901236E3D9}.NightlyDebug|Any CPU.Build.0 = NightlyDebug|Any CPU
		{15FF2982-EBD1-45DC-8FDF-4D901236E3D9}.NightlyRelease|Any CPU.ActiveCfg = NightlyRelease|Any CPU
		{15FF2982-EBD1-45DC-8FDF-4D901236E3D9}.NightlyRelease|Any CPU.Build.0 = NightlyRelease|Any CPU
		{15FF2982-EBD1-45DC-8FDF-4D901236E3D9}.Release|Any CPU.ActiveCfg = Release|Any CPU
		{15FF2982-EBD1-45DC-8FDF-4D901236E3D9}.Release|Any CPU.Build.0 = Release|Any CPU
		{035FEA7F-0D36-4AE4-B694-EC45191B9AF2}.Debug|Any CPU.ActiveCfg = Debug|Any CPU
		{035FEA7F-0D36-4AE4-B694-EC45191B9AF2}.Debug|Any CPU.Build.0 = Debug|Any CPU
		{035FEA7F-0D36-4AE4-B694-EC45191B9AF2}.NightlyDebug|Any CPU.ActiveCfg = Debug|Any CPU
		{035FEA7F-0D36-4AE4-B694-EC45191B9AF2}.NightlyDebug|Any CPU.Build.0 = Debug|Any CPU
		{035FEA7F-0D36-4AE4-B694-EC45191B9AF2}.NightlyRelease|Any CPU.ActiveCfg = Release|Any CPU
		{035FEA7F-0D36-4AE4-B694-EC45191B9AF2}.NightlyRelease|Any CPU.Build.0 = Release|Any CPU
		{035FEA7F-0D36-4AE4-B694-EC45191B9AF2}.Release|Any CPU.ActiveCfg = Release|Any CPU
		{035FEA7F-0D36-4AE4-B694-EC45191B9AF2}.Release|Any CPU.Build.0 = Release|Any CPU
		{B98C89CF-BF3E-405C-88DE-D60AE4AADA15}.Debug|Any CPU.ActiveCfg = Debug|Any CPU
		{B98C89CF-BF3E-405C-88DE-D60AE4AADA15}.Debug|Any CPU.Build.0 = Debug|Any CPU
		{B98C89CF-BF3E-405C-88DE-D60AE4AADA15}.NightlyDebug|Any CPU.ActiveCfg = Debug|Any CPU
		{B98C89CF-BF3E-405C-88DE-D60AE4AADA15}.NightlyDebug|Any CPU.Build.0 = Debug|Any CPU
		{B98C89CF-BF3E-405C-88DE-D60AE4AADA15}.NightlyRelease|Any CPU.ActiveCfg = Release|Any CPU
		{B98C89CF-BF3E-405C-88DE-D60AE4AADA15}.NightlyRelease|Any CPU.Build.0 = Release|Any CPU
		{B98C89CF-BF3E-405C-88DE-D60AE4AADA15}.Release|Any CPU.ActiveCfg = Release|Any CPU
		{B98C89CF-BF3E-405C-88DE-D60AE4AADA15}.Release|Any CPU.Build.0 = Release|Any CPU
		{CEB76EA1-A168-49B0-A410-2C4195FEE86F}.Debug|Any CPU.ActiveCfg = Debug|Any CPU
		{CEB76EA1-A168-49B0-A410-2C4195FEE86F}.Debug|Any CPU.Build.0 = Debug|Any CPU
		{CEB76EA1-A168-49B0-A410-2C4195FEE86F}.NightlyDebug|Any CPU.ActiveCfg = Debug|Any CPU
		{CEB76EA1-A168-49B0-A410-2C4195FEE86F}.NightlyDebug|Any CPU.Build.0 = Debug|Any CPU
		{CEB76EA1-A168-49B0-A410-2C4195FEE86F}.NightlyRelease|Any CPU.ActiveCfg = Release|Any CPU
		{CEB76EA1-A168-49B0-A410-2C4195FEE86F}.NightlyRelease|Any CPU.Build.0 = Release|Any CPU
		{CEB76EA1-A168-49B0-A410-2C4195FEE86F}.Release|Any CPU.ActiveCfg = Release|Any CPU
		{CEB76EA1-A168-49B0-A410-2C4195FEE86F}.Release|Any CPU.Build.0 = Release|Any CPU
		{4A34A3C5-6176-49D7-A4C5-B2B671247F8F}.Debug|Any CPU.ActiveCfg = Debug|Any CPU
		{4A34A3C5-6176-49D7-A4C5-B2B671247F8F}.Debug|Any CPU.Build.0 = Debug|Any CPU
		{4A34A3C5-6176-49D7-A4C5-B2B671247F8F}.NightlyDebug|Any CPU.ActiveCfg = NightlyDebug|Any CPU
		{4A34A3C5-6176-49D7-A4C5-B2B671247F8F}.NightlyDebug|Any CPU.Build.0 = NightlyDebug|Any CPU
		{4A34A3C5-6176-49D7-A4C5-B2B671247F8F}.NightlyRelease|Any CPU.ActiveCfg = NightlyRelease|Any CPU
		{4A34A3C5-6176-49D7-A4C5-B2B671247F8F}.NightlyRelease|Any CPU.Build.0 = NightlyRelease|Any CPU
		{4A34A3C5-6176-49D7-A4C5-B2B671247F8F}.Release|Any CPU.ActiveCfg = Release|Any CPU
		{4A34A3C5-6176-49D7-A4C5-B2B671247F8F}.Release|Any CPU.Build.0 = Release|Any CPU
		{33CAB640-0D03-43DF-81BD-22CDC6C0A597}.Debug|Any CPU.ActiveCfg = Debug|Any CPU
		{33CAB640-0D03-43DF-81BD-22CDC6C0A597}.Debug|Any CPU.Build.0 = Debug|Any CPU
		{33CAB640-0D03-43DF-81BD-22CDC6C0A597}.NightlyDebug|Any CPU.ActiveCfg = NightlyDebug|Any CPU
		{33CAB640-0D03-43DF-81BD-22CDC6C0A597}.NightlyDebug|Any CPU.Build.0 = NightlyDebug|Any CPU
		{33CAB640-0D03-43DF-81BD-22CDC6C0A597}.NightlyRelease|Any CPU.ActiveCfg = NightlyRelease|Any CPU
		{33CAB640-0D03-43DF-81BD-22CDC6C0A597}.NightlyRelease|Any CPU.Build.0 = NightlyRelease|Any CPU
		{33CAB640-0D03-43DF-81BD-22CDC6C0A597}.Release|Any CPU.ActiveCfg = Release|Any CPU
		{33CAB640-0D03-43DF-81BD-22CDC6C0A597}.Release|Any CPU.Build.0 = Release|Any CPU
		{319E151C-8F33-49E7-81C9-30F02F9BA90A}.Debug|Any CPU.ActiveCfg = Debug|Any CPU
		{319E151C-8F33-49E7-81C9-30F02F9BA90A}.Debug|Any CPU.Build.0 = Debug|Any CPU
		{319E151C-8F33-49E7-81C9-30F02F9BA90A}.NightlyDebug|Any CPU.ActiveCfg = NightlyDebug|Any CPU
		{319E151C-8F33-49E7-81C9-30F02F9BA90A}.NightlyDebug|Any CPU.Build.0 = NightlyDebug|Any CPU
		{319E151C-8F33-49E7-81C9-30F02F9BA90A}.NightlyRelease|Any CPU.ActiveCfg = NightlyRelease|Any CPU
		{319E151C-8F33-49E7-81C9-30F02F9BA90A}.NightlyRelease|Any CPU.Build.0 = NightlyRelease|Any CPU
		{319E151C-8F33-49E7-81C9-30F02F9BA90A}.Release|Any CPU.ActiveCfg = Release|Any CPU
		{319E151C-8F33-49E7-81C9-30F02F9BA90A}.Release|Any CPU.Build.0 = Release|Any CPU
		{319E150C-8F33-49E7-81CA-30F02F9BA90A}.Debug|Any CPU.ActiveCfg = Debug|Any CPU
		{319E150C-8F33-49E7-81CA-30F02F9BA90A}.Debug|Any CPU.Build.0 = Debug|Any CPU
		{319E150C-8F33-49E7-81CA-30F02F9BA90A}.NightlyDebug|Any CPU.ActiveCfg = NightlyDebug|Any CPU
		{319E150C-8F33-49E7-81CA-30F02F9BA90A}.NightlyDebug|Any CPU.Build.0 = NightlyDebug|Any CPU
		{319E150C-8F33-49E7-81CA-30F02F9BA90A}.NightlyRelease|Any CPU.ActiveCfg = NightlyRelease|Any CPU
		{319E150C-8F33-49E7-81CA-30F02F9BA90A}.NightlyRelease|Any CPU.Build.0 = NightlyRelease|Any CPU
		{319E150C-8F33-49E7-81CA-30F02F9BA90A}.Release|Any CPU.ActiveCfg = Release|Any CPU
		{319E150C-8F33-49E7-81CA-30F02F9BA90A}.Release|Any CPU.Build.0 = Release|Any CPU
		{4B0054FD-124A-4037-9965-BDB55E6BF389}.Debug|Any CPU.ActiveCfg = Debug|Any CPU
		{4B0054FD-124A-4037-9965-BDB55E6BF389}.Debug|Any CPU.Build.0 = Debug|Any CPU
		{4B0054FD-124A-4037-9965-BDB55E6BF389}.NightlyDebug|Any CPU.ActiveCfg = Debug|Any CPU
		{4B0054FD-124A-4037-9965-BDB55E6BF389}.NightlyDebug|Any CPU.Build.0 = Debug|Any CPU
		{4B0054FD-124A-4037-9965-BDB55E6BF389}.NightlyRelease|Any CPU.ActiveCfg = Release|Any CPU
		{4B0054FD-124A-4037-9965-BDB55E6BF389}.NightlyRelease|Any CPU.Build.0 = Release|Any CPU
		{4B0054FD-124A-4037-9965-BDB55E6BF389}.Release|Any CPU.ActiveCfg = Release|Any CPU
		{4B0054FD-124A-4037-9965-BDB55E6BF389}.Release|Any CPU.Build.0 = Release|Any CPU
		{08156C78-403A-4112-AD81-8646AC51CD2F}.Debug|Any CPU.ActiveCfg = Debug|Any CPU
		{08156C78-403A-4112-AD81-8646AC51CD2F}.Debug|Any CPU.Build.0 = Debug|Any CPU
		{08156C78-403A-4112-AD81-8646AC51CD2F}.NightlyDebug|Any CPU.ActiveCfg = Debug|Any CPU
		{08156C78-403A-4112-AD81-8646AC51CD2F}.NightlyDebug|Any CPU.Build.0 = Debug|Any CPU
		{08156C78-403A-4112-AD81-8646AC51CD2F}.NightlyRelease|Any CPU.ActiveCfg = Release|Any CPU
		{08156C78-403A-4112-AD81-8646AC51CD2F}.NightlyRelease|Any CPU.Build.0 = Release|Any CPU
		{08156C78-403A-4112-AD81-8646AC51CD2F}.Release|Any CPU.ActiveCfg = Release|Any CPU
		{08156C78-403A-4112-AD81-8646AC51CD2F}.Release|Any CPU.Build.0 = Release|Any CPU
		{34B9A0CE-DF18-4CBC-8F7A-90C2B74338D5}.Debug|Any CPU.ActiveCfg = Debug|Any CPU
		{34B9A0CE-DF18-4CBC-8F7A-90C2B74338D5}.Debug|Any CPU.Build.0 = Debug|Any CPU
		{34B9A0CE-DF18-4CBC-8F7A-90C2B74338D5}.NightlyDebug|Any CPU.ActiveCfg = Debug|Any CPU
		{34B9A0CE-DF18-4CBC-8F7A-90C2B74338D5}.NightlyDebug|Any CPU.Build.0 = Debug|Any CPU
		{34B9A0CE-DF18-4CBC-8F7A-90C2B74338D5}.NightlyRelease|Any CPU.ActiveCfg = Release|Any CPU
		{34B9A0CE-DF18-4CBC-8F7A-90C2B74338D5}.NightlyRelease|Any CPU.Build.0 = Release|Any CPU
		{34B9A0CE-DF18-4CBC-8F7A-90C2B74338D5}.Release|Any CPU.ActiveCfg = Release|Any CPU
		{34B9A0CE-DF18-4CBC-8F7A-90C2B74338D5}.Release|Any CPU.Build.0 = Release|Any CPU
		{304A8B0B-851B-4AA6-A17D-5F87F39C5E5C}.Debug|Any CPU.ActiveCfg = Debug|Any CPU
		{304A8B0B-851B-4AA6-A17D-5F87F39C5E5C}.Debug|Any CPU.Build.0 = Debug|Any CPU
		{304A8B0B-851B-4AA6-A17D-5F87F39C5E5C}.NightlyDebug|Any CPU.ActiveCfg = Debug|Any CPU
		{304A8B0B-851B-4AA6-A17D-5F87F39C5E5C}.NightlyDebug|Any CPU.Build.0 = Debug|Any CPU
		{304A8B0B-851B-4AA6-A17D-5F87F39C5E5C}.NightlyRelease|Any CPU.ActiveCfg = Release|Any CPU
		{304A8B0B-851B-4AA6-A17D-5F87F39C5E5C}.NightlyRelease|Any CPU.Build.0 = Release|Any CPU
		{304A8B0B-851B-4AA6-A17D-5F87F39C5E5C}.Release|Any CPU.ActiveCfg = Release|Any CPU
		{304A8B0B-851B-4AA6-A17D-5F87F39C5E5C}.Release|Any CPU.Build.0 = Release|Any CPU
		{6D83F687-ABB5-40B3-915E-CA53DA0EB7F3}.Debug|Any CPU.ActiveCfg = Debug|Any CPU
		{6D83F687-ABB5-40B3-915E-CA53DA0EB7F3}.Debug|Any CPU.Build.0 = Debug|Any CPU
		{6D83F687-ABB5-40B3-915E-CA53DA0EB7F3}.NightlyDebug|Any CPU.ActiveCfg = Debug|Any CPU
		{6D83F687-ABB5-40B3-915E-CA53DA0EB7F3}.NightlyDebug|Any CPU.Build.0 = Debug|Any CPU
		{6D83F687-ABB5-40B3-915E-CA53DA0EB7F3}.NightlyRelease|Any CPU.ActiveCfg = Release|Any CPU
		{6D83F687-ABB5-40B3-915E-CA53DA0EB7F3}.NightlyRelease|Any CPU.Build.0 = Release|Any CPU
		{6D83F687-ABB5-40B3-915E-CA53DA0EB7F3}.Release|Any CPU.ActiveCfg = Release|Any CPU
		{6D83F687-ABB5-40B3-915E-CA53DA0EB7F3}.Release|Any CPU.Build.0 = Release|Any CPU
		{B855D039-8A27-419D-9A81-86FF93227E30}.Debug|Any CPU.ActiveCfg = Debug|Any CPU
		{B855D039-8A27-419D-9A81-86FF93227E30}.Debug|Any CPU.Build.0 = Debug|Any CPU
		{B855D039-8A27-419D-9A81-86FF93227E30}.NightlyDebug|Any CPU.ActiveCfg = NightlyDebug|Any CPU
		{B855D039-8A27-419D-9A81-86FF93227E30}.NightlyDebug|Any CPU.Build.0 = NightlyDebug|Any CPU
		{B855D039-8A27-419D-9A81-86FF93227E30}.NightlyRelease|Any CPU.ActiveCfg = NightlyRelease|Any CPU
		{B855D039-8A27-419D-9A81-86FF93227E30}.NightlyRelease|Any CPU.Build.0 = NightlyRelease|Any CPU
		{B855D039-8A27-419D-9A81-86FF93227E30}.Release|Any CPU.ActiveCfg = Release|Any CPU
		{B855D039-8A27-419D-9A81-86FF93227E30}.Release|Any CPU.Build.0 = Release|Any CPU
		{0255FB0C-31EE-46CF-94A9-E3787331D9CA}.Debug|Any CPU.ActiveCfg = Debug|Any CPU
		{0255FB0C-31EE-46CF-94A9-E3787331D9CA}.Debug|Any CPU.Build.0 = Debug|Any CPU
		{0255FB0C-31EE-46CF-94A9-E3787331D9CA}.NightlyDebug|Any CPU.ActiveCfg = Debug|Any CPU
		{0255FB0C-31EE-46CF-94A9-E3787331D9CA}.NightlyDebug|Any CPU.Build.0 = Debug|Any CPU
		{0255FB0C-31EE-46CF-94A9-E3787331D9CA}.NightlyRelease|Any CPU.ActiveCfg = Release|Any CPU
		{0255FB0C-31EE-46CF-94A9-E3787331D9CA}.NightlyRelease|Any CPU.Build.0 = Release|Any CPU
		{0255FB0C-31EE-46CF-94A9-E3787331D9CA}.Release|Any CPU.ActiveCfg = Release|Any CPU
		{0255FB0C-31EE-46CF-94A9-E3787331D9CA}.Release|Any CPU.Build.0 = Release|Any CPU
		{6E762516-E7E3-4267-93BF-457666D4F9E6}.Debug|Any CPU.ActiveCfg = Debug|Any CPU
		{6E762516-E7E3-4267-93BF-457666D4F9E6}.Debug|Any CPU.Build.0 = Debug|Any CPU
		{6E762516-E7E3-4267-93BF-457666D4F9E6}.NightlyDebug|Any CPU.ActiveCfg = Debug|Any CPU
		{6E762516-E7E3-4267-93BF-457666D4F9E6}.NightlyDebug|Any CPU.Build.0 = Debug|Any CPU
		{6E762516-E7E3-4267-93BF-457666D4F9E6}.NightlyRelease|Any CPU.ActiveCfg = Release|Any CPU
		{6E762516-E7E3-4267-93BF-457666D4F9E6}.NightlyRelease|Any CPU.Build.0 = Release|Any CPU
		{6E762516-E7E3-4267-93BF-457666D4F9E6}.Release|Any CPU.ActiveCfg = Release|Any CPU
		{6E762516-E7E3-4267-93BF-457666D4F9E6}.Release|Any CPU.Build.0 = Release|Any CPU
	EndGlobalSection
	GlobalSection(SolutionProperties) = preSolution
		HideSolutionNode = FALSE
	EndGlobalSection
	GlobalSection(NestedProjects) = preSolution
		{EB228A9D-76D8-4B9A-AA71-24F092FAAD7C} = {32D690E4-5486-4983-90B4-6FD8C0A7A7C4}
		{BEDD0E63-6EFD-4FF6-B0F9-D155D8DC5205} = {32D690E4-5486-4983-90B4-6FD8C0A7A7C4}
		{4A34A3C5-6176-49D7-A4C5-B2B671247F8F} = {EB228A9D-76D8-4B9A-AA71-24F092FAAD7C}
		{33CAB640-0D03-43DF-81BD-22CDC6C0A597} = {EB228A9D-76D8-4B9A-AA71-24F092FAAD7C}
		{319E151C-8F33-49E7-81C9-30F02F9BA90A} = {EB228A9D-76D8-4B9A-AA71-24F092FAAD7C}
		{4B0054FD-124A-4037-9965-BDB55E6BF389} = {EB228A9D-76D8-4B9A-AA71-24F092FAAD7C}
		{08156C78-403A-4112-AD81-8646AC51CD2F} = {EB228A9D-76D8-4B9A-AA71-24F092FAAD7C}
		{34B9A0CE-DF18-4CBC-8F7A-90C2B74338D5} = {EB228A9D-76D8-4B9A-AA71-24F092FAAD7C}
		{304A8B0B-851B-4AA6-A17D-5F87F39C5E5C} = {EB228A9D-76D8-4B9A-AA71-24F092FAAD7C}
		{6D83F687-ABB5-40B3-915E-CA53DA0EB7F3} = {EB228A9D-76D8-4B9A-AA71-24F092FAAD7C}
		{15FF2982-EBD1-45DC-8FDF-4D901236E3D9} = {BEDD0E63-6EFD-4FF6-B0F9-D155D8DC5205}
		{035FEA7F-0D36-4AE4-B694-EC45191B9AF2} = {BEDD0E63-6EFD-4FF6-B0F9-D155D8DC5205}
		{B98C89CF-BF3E-405C-88DE-D60AE4AADA15} = {BEDD0E63-6EFD-4FF6-B0F9-D155D8DC5205}
		{CEB76EA1-A168-49B0-A410-2C4195FEE86F} = {BEDD0E63-6EFD-4FF6-B0F9-D155D8DC5205}
		{319E150C-8F33-49E7-81CA-30F02F9BA90A} = {BEDD0E63-6EFD-4FF6-B0F9-D155D8DC5205}
	EndGlobalSection
EndGlobal
