
Microsoft Visual Studio Solution File, Format Version 10.00
# Visual Studio 2008
Project("{2150E333-8FDC-42A3-9474-1A3956D46DE8}") = "CCI", "CCI", "{32D690E4-5486-4983-90B4-6FD8C0A7A7C4}"
EndProject
Project("{2150E333-8FDC-42A3-9474-1A3956D46DE8}") = "Metadata", "Metadata", "{EB228A9D-76D8-4B9A-AA71-24F092FAAD7C}"
EndProject
Project("{2150E333-8FDC-42A3-9474-1A3956D46DE8}") = "Ast", "Ast", "{BEDD0E63-6EFD-4FF6-B0F9-D155D8DC5205}"
EndProject
Project("{FAE04EC0-301F-11D3-BF4B-00C04F79EFBC}") = "AstsProjectedAsCodeModel", "..\..\Ast\Sources\AstsProjectedAsCodeModel\AstsProjectedAsCodeModel.csproj", "{15FF2982-EBD1-45DC-8FDF-4D901236E3D9}"
EndProject
Project("{FAE04EC0-301F-11D3-BF4B-00C04F79EFBC}") = "CodeModel", "..\..\Ast\Sources\CodeModel\CodeModel.csproj", "{035FEA7F-0D36-4AE4-B694-EC45191B9AF2}"
EndProject
Project("{FAE04EC0-301F-11D3-BF4B-00C04F79EFBC}") = "CodeModelToIL", "..\..\Ast\Sources\CodeModelToIL\CodeModelToIL.csproj", "{CEB76EA1-A168-49B0-A410-2C4195FEE86F}"
EndProject
Project("{FAE04EC0-301F-11D3-BF4B-00C04F79EFBC}") = "MetadataHelper", "..\..\Ast\Metadata\Sources\MetadataHelper\MetadataHelper.csproj", "{4A34A3C5-6176-49D7-A4C5-B2B671247F8F}"
EndProject
Project("{FAE04EC0-301F-11D3-BF4B-00C04F79EFBC}") = "MetadataModel", "..\..\Ast\Metadata\Sources\MetadataModel\MetadataModel.csproj", "{33CAB640-0D03-43DF-81BD-22CDC6C0A597}"
EndProject
Project("{FAE04EC0-301F-11D3-BF4B-00C04F79EFBC}") = "MutableMetadataModel", "..\..\Ast\Metadata\Sources\MutableMetadataModel\MutableMetadataModel.csproj", "{319E151C-8F33-49E7-81C9-30F02F9BA90A}"
EndProject
Project("{FAE04EC0-301F-11D3-BF4B-00C04F79EFBC}") = "MutableCodeModel", "..\..\Ast\Sources\MutableCodeModel\MutableCodeModel.csproj", "{319E150C-8F33-49E7-81CA-30F02F9BA90A}"
EndProject
Project("{FAE04EC0-301F-11D3-BF4B-00C04F79EFBC}") = "SourceModel", "..\..\Ast\Metadata\Sources\SourceModel\SourceModel.csproj", "{4B0054FD-124A-4037-9965-BDB55E6BF389}"
EndProject
Project("{FAE04EC0-301F-11D3-BF4B-00C04F79EFBC}") = "ILGenerator", "..\..\Ast\Metadata\Sources\ILGenerator\ILGenerator.csproj", "{08156C78-403A-4112-AD81-8646AC51CD2F}"
EndProject
Project("{FAE04EC0-301F-11D3-BF4B-00C04F79EFBC}") = "PeReader", "..\..\Ast\Metadata\Sources\PeReader\PeReader.csproj", "{34B9A0CE-DF18-4CBC-8F7A-90C2B74338D5}"
EndProject
Project("{FAE04EC0-301F-11D3-BF4B-00C04F79EFBC}") = "PeWriter", "..\..\Ast\Metadata\Sources\PeWriter\PeWriter.csproj", "{304A8B0B-851B-4AA6-A17D-5F87F39C5E5C}"
EndProject
Project("{FAE04EC0-301F-11D3-BF4B-00C04F79EFBC}") = "PdbWriter", "..\..\Ast\Metadata\Sources\PdbWriter\PdbWriter.csproj", "{6D83F687-ABB5-40B3-915E-CA53DA0EB7F3}"
EndProject
Project("{FAE04EC0-301F-11D3-BF4B-00C04F79EFBC}") = "Framework", "Framework\Framework.csproj", "{6FD40C71-610C-4117-B360-60FC238F7D58}"
EndProject
Project("{FAE04EC0-301F-11D3-BF4B-00C04F79EFBC}") = "PdbReader", "..\..\Ast\Metadata\Sources\PdbReader\PdbReader.csproj", "{A6A31B03-7C3D-4DE6-AA73-BE88116BC40A}"
EndProject
Project("{FAE04EC0-301F-11D3-BF4B-00C04F79EFBC}") = "CciSharp", "CciSharp\CciSharp.csproj", "{5B994274-CEBB-429F-A9B6-612117C872ED}"
EndProject
Project("{FAE04EC0-301F-11D3-BF4B-00C04F79EFBC}") = "Test", "CciSharp.Test\Test.csproj", "{15EA4D65-5E2C-418E-B749-291C59542ED8}"
	ProjectSection(ProjectDependencies) = postProject
		{EFBAECB0-A690-4147-A11C-BA25AC9EA94E} = {EFBAECB0-A690-4147-A11C-BA25AC9EA94E}
		{A8DD96BA-3DC1-49AE-B050-DBC92732DF5C} = {A8DD96BA-3DC1-49AE-B050-DBC92732DF5C}
	EndProjectSection
EndProject
Project("{FAE04EC0-301F-11D3-BF4B-00C04F79EFBC}") = "ILToCodeModel", "..\..\Ast\Sources\ILToCodeModel\ILToCodeModel.csproj", "{27F2A417-B6ED-43AD-A38E-A0B6142216F6}"
EndProject
Project("{FAE04EC0-301F-11D3-BF4B-00C04F79EFBC}") = "ReadOnlyAutoProperty", "ReadOnlyAutoProperty\ReadOnlyAutoProperty.csproj", "{EFBAECB0-A690-4147-A11C-BA25AC9EA94E}"
EndProject
Project("{2150E333-8FDC-42A3-9474-1A3956D46DE8}") = "Mutators", "Mutators", "{7BF53A15-F802-47BE-90B7-CC7744E1D489}"
EndProject
Project("{FAE04EC0-301F-11D3-BF4B-00C04F79EFBC}") = "AssertMessage", "AssertMessage\AssertMessage.csproj", "{A8DD96BA-3DC1-49AE-B050-DBC92732DF5C}"
EndProject
Project("{FAE04EC0-301F-11D3-BF4B-00C04F79EFBC}") = "NotifyAutoPropertyChanged", "NotifyAutoPropertyChanged\NotifyAutoPropertyChanged.csproj", "{F1B2C5CF-222F-44A3-89D4-96FBEFBEF445}"
EndProject
Project("{FAE04EC0-301F-11D3-BF4B-00C04F79EFBC}") = "All", "Build\All\All.csproj", "{2CBCE25A-721C-4347-B34D-7FD74CA9BE74}"
EndProject
Project("{2150E333-8FDC-42A3-9474-1A3956D46DE8}") = "Build", "Build", "{8B5B49CA-CDFE-4BFB-892D-756C5F00BA38}"
	ProjectSection(SolutionItems) = preProject
		build.cmd = build.cmd
		ccisharp.build = ccisharp.build
	EndProjectSection
EndProject
Project("{FAE04EC0-301F-11D3-BF4B-00C04F79EFBC}") = "LazyProperty", "LazyAutoProperty\LazyProperty.csproj", "{F048D884-5356-4276-94A4-B880C55E585B}"
EndProject
Project("{FAE04EC0-301F-11D3-BF4B-00C04F79EFBC}") = "WeakLazyProperty", "WeakLazyProperty\WeakLazyProperty.csproj", "{61682EF5-3821-4756-85D1-A90ECA59CC5F}"
EndProject
Global
	GlobalSection(SolutionConfigurationPlatforms) = preSolution
		Debug|Any CPU = Debug|Any CPU
		NightlyDebug|Any CPU = NightlyDebug|Any CPU
		NightlyRelease|Any CPU = NightlyRelease|Any CPU
		Release|Any CPU = Release|Any CPU
	EndGlobalSection
	GlobalSection(ProjectConfigurationPlatforms) = postSolution
		{15FF2982-EBD1-45DC-8FDF-4D901236E3D9}.Debug|Any CPU.ActiveCfg = Debug|Any CPU
		{15FF2982-EBD1-45DC-8FDF-4D901236E3D9}.Debug|Any CPU.Build.0 = Debug|Any CPU
		{15FF2982-EBD1-45DC-8FDF-4D901236E3D9}.NightlyDebug|Any CPU.ActiveCfg = NightlyDebug|Any CPU
		{15FF2982-EBD1-45DC-8FDF-4D901236E3D9}.NightlyDebug|Any CPU.Build.0 = NightlyDebug|Any CPU
		{15FF2982-EBD1-45DC-8FDF-4D901236E3D9}.NightlyRelease|Any CPU.ActiveCfg = NightlyRelease|Any CPU
		{15FF2982-EBD1-45DC-8FDF-4D901236E3D9}.NightlyRelease|Any CPU.Build.0 = NightlyRelease|Any CPU
		{15FF2982-EBD1-45DC-8FDF-4D901236E3D9}.Release|Any CPU.ActiveCfg = Release|Any CPU
		{15FF2982-EBD1-45DC-8FDF-4D901236E3D9}.Release|Any CPU.Build.0 = Release|Any CPU
		{035FEA7F-0D36-4AE4-B694-EC45191B9AF2}.Debug|Any CPU.ActiveCfg = Debug|Any CPU
		{035FEA7F-0D36-4AE4-B694-EC45191B9AF2}.Debug|Any CPU.Build.0 = Debug|Any CPU
		{035FEA7F-0D36-4AE4-B694-EC45191B9AF2}.NightlyDebug|Any CPU.ActiveCfg = Debug|Any CPU
		{035FEA7F-0D36-4AE4-B694-EC45191B9AF2}.NightlyDebug|Any CPU.Build.0 = Debug|Any CPU
		{035FEA7F-0D36-4AE4-B694-EC45191B9AF2}.NightlyRelease|Any CPU.ActiveCfg = Release|Any CPU
		{035FEA7F-0D36-4AE4-B694-EC45191B9AF2}.NightlyRelease|Any CPU.Build.0 = Release|Any CPU
		{035FEA7F-0D36-4AE4-B694-EC45191B9AF2}.Release|Any CPU.ActiveCfg = Release|Any CPU
		{035FEA7F-0D36-4AE4-B694-EC45191B9AF2}.Release|Any CPU.Build.0 = Release|Any CPU
		{CEB76EA1-A168-49B0-A410-2C4195FEE86F}.Debug|Any CPU.ActiveCfg = Debug|Any CPU
		{CEB76EA1-A168-49B0-A410-2C4195FEE86F}.Debug|Any CPU.Build.0 = Debug|Any CPU
		{CEB76EA1-A168-49B0-A410-2C4195FEE86F}.NightlyDebug|Any CPU.ActiveCfg = Debug|Any CPU
		{CEB76EA1-A168-49B0-A410-2C4195FEE86F}.NightlyDebug|Any CPU.Build.0 = Debug|Any CPU
		{CEB76EA1-A168-49B0-A410-2C4195FEE86F}.NightlyRelease|Any CPU.ActiveCfg = Release|Any CPU
		{CEB76EA1-A168-49B0-A410-2C4195FEE86F}.NightlyRelease|Any CPU.Build.0 = Release|Any CPU
		{CEB76EA1-A168-49B0-A410-2C4195FEE86F}.Release|Any CPU.ActiveCfg = Release|Any CPU
		{CEB76EA1-A168-49B0-A410-2C4195FEE86F}.Release|Any CPU.Build.0 = Release|Any CPU
		{4A34A3C5-6176-49D7-A4C5-B2B671247F8F}.Debug|Any CPU.ActiveCfg = Debug|Any CPU
		{4A34A3C5-6176-49D7-A4C5-B2B671247F8F}.Debug|Any CPU.Build.0 = Debug|Any CPU
		{4A34A3C5-6176-49D7-A4C5-B2B671247F8F}.NightlyDebug|Any CPU.ActiveCfg = NightlyDebug|Any CPU
		{4A34A3C5-6176-49D7-A4C5-B2B671247F8F}.NightlyDebug|Any CPU.Build.0 = NightlyDebug|Any CPU
		{4A34A3C5-6176-49D7-A4C5-B2B671247F8F}.NightlyRelease|Any CPU.ActiveCfg = NightlyRelease|Any CPU
		{4A34A3C5-6176-49D7-A4C5-B2B671247F8F}.NightlyRelease|Any CPU.Build.0 = NightlyRelease|Any CPU
		{4A34A3C5-6176-49D7-A4C5-B2B671247F8F}.Release|Any CPU.ActiveCfg = Release|Any CPU
		{4A34A3C5-6176-49D7-A4C5-B2B671247F8F}.Release|Any CPU.Build.0 = Release|Any CPU
		{33CAB640-0D03-43DF-81BD-22CDC6C0A597}.Debug|Any CPU.ActiveCfg = Debug|Any CPU
		{33CAB640-0D03-43DF-81BD-22CDC6C0A597}.Debug|Any CPU.Build.0 = Debug|Any CPU
		{33CAB640-0D03-43DF-81BD-22CDC6C0A597}.NightlyDebug|Any CPU.ActiveCfg = NightlyDebug|Any CPU
		{33CAB640-0D03-43DF-81BD-22CDC6C0A597}.NightlyDebug|Any CPU.Build.0 = NightlyDebug|Any CPU
		{33CAB640-0D03-43DF-81BD-22CDC6C0A597}.NightlyRelease|Any CPU.ActiveCfg = NightlyRelease|Any CPU
		{33CAB640-0D03-43DF-81BD-22CDC6C0A597}.NightlyRelease|Any CPU.Build.0 = NightlyRelease|Any CPU
		{33CAB640-0D03-43DF-81BD-22CDC6C0A597}.Release|Any CPU.ActiveCfg = Release|Any CPU
		{33CAB640-0D03-43DF-81BD-22CDC6C0A597}.Release|Any CPU.Build.0 = Release|Any CPU
		{319E151C-8F33-49E7-81C9-30F02F9BA90A}.Debug|Any CPU.ActiveCfg = Debug|Any CPU
		{319E151C-8F33-49E7-81C9-30F02F9BA90A}.Debug|Any CPU.Build.0 = Debug|Any CPU
		{319E151C-8F33-49E7-81C9-30F02F9BA90A}.NightlyDebug|Any CPU.ActiveCfg = NightlyDebug|Any CPU
		{319E151C-8F33-49E7-81C9-30F02F9BA90A}.NightlyDebug|Any CPU.Build.0 = NightlyDebug|Any CPU
		{319E151C-8F33-49E7-81C9-30F02F9BA90A}.NightlyRelease|Any CPU.ActiveCfg = NightlyRelease|Any CPU
		{319E151C-8F33-49E7-81C9-30F02F9BA90A}.NightlyRelease|Any CPU.Build.0 = NightlyRelease|Any CPU
		{319E151C-8F33-49E7-81C9-30F02F9BA90A}.Release|Any CPU.ActiveCfg = Release|Any CPU
		{319E151C-8F33-49E7-81C9-30F02F9BA90A}.Release|Any CPU.Build.0 = Release|Any CPU
		{319E150C-8F33-49E7-81CA-30F02F9BA90A}.Debug|Any CPU.ActiveCfg = Debug|Any CPU
		{319E150C-8F33-49E7-81CA-30F02F9BA90A}.Debug|Any CPU.Build.0 = Debug|Any CPU
		{319E150C-8F33-49E7-81CA-30F02F9BA90A}.NightlyDebug|Any CPU.ActiveCfg = NightlyDebug|Any CPU
		{319E150C-8F33-49E7-81CA-30F02F9BA90A}.NightlyDebug|Any CPU.Build.0 = NightlyDebug|Any CPU
		{319E150C-8F33-49E7-81CA-30F02F9BA90A}.NightlyRelease|Any CPU.ActiveCfg = NightlyRelease|Any CPU
		{319E150C-8F33-49E7-81CA-30F02F9BA90A}.NightlyRelease|Any CPU.Build.0 = NightlyRelease|Any CPU
		{319E150C-8F33-49E7-81CA-30F02F9BA90A}.Release|Any CPU.ActiveCfg = Release|Any CPU
		{319E150C-8F33-49E7-81CA-30F02F9BA90A}.Release|Any CPU.Build.0 = Release|Any CPU
		{4B0054FD-124A-4037-9965-BDB55E6BF389}.Debug|Any CPU.ActiveCfg = Debug|Any CPU
		{4B0054FD-124A-4037-9965-BDB55E6BF389}.Debug|Any CPU.Build.0 = Debug|Any CPU
		{4B0054FD-124A-4037-9965-BDB55E6BF389}.NightlyDebug|Any CPU.ActiveCfg = Debug|Any CPU
		{4B0054FD-124A-4037-9965-BDB55E6BF389}.NightlyDebug|Any CPU.Build.0 = Debug|Any CPU
		{4B0054FD-124A-4037-9965-BDB55E6BF389}.NightlyRelease|Any CPU.ActiveCfg = Release|Any CPU
		{4B0054FD-124A-4037-9965-BDB55E6BF389}.NightlyRelease|Any CPU.Build.0 = Release|Any CPU
		{4B0054FD-124A-4037-9965-BDB55E6BF389}.Release|Any CPU.ActiveCfg = Release|Any CPU
		{4B0054FD-124A-4037-9965-BDB55E6BF389}.Release|Any CPU.Build.0 = Release|Any CPU
		{08156C78-403A-4112-AD81-8646AC51CD2F}.Debug|Any CPU.ActiveCfg = Debug|Any CPU
		{08156C78-403A-4112-AD81-8646AC51CD2F}.Debug|Any CPU.Build.0 = Debug|Any CPU
		{08156C78-403A-4112-AD81-8646AC51CD2F}.NightlyDebug|Any CPU.ActiveCfg = Debug|Any CPU
		{08156C78-403A-4112-AD81-8646AC51CD2F}.NightlyDebug|Any CPU.Build.0 = Debug|Any CPU
		{08156C78-403A-4112-AD81-8646AC51CD2F}.NightlyRelease|Any CPU.ActiveCfg = Release|Any CPU
		{08156C78-403A-4112-AD81-8646AC51CD2F}.NightlyRelease|Any CPU.Build.0 = Release|Any CPU
		{08156C78-403A-4112-AD81-8646AC51CD2F}.Release|Any CPU.ActiveCfg = Release|Any CPU
		{08156C78-403A-4112-AD81-8646AC51CD2F}.Release|Any CPU.Build.0 = Release|Any CPU
		{34B9A0CE-DF18-4CBC-8F7A-90C2B74338D5}.Debug|Any CPU.ActiveCfg = Debug|Any CPU
		{34B9A0CE-DF18-4CBC-8F7A-90C2B74338D5}.Debug|Any CPU.Build.0 = Debug|Any CPU
		{34B9A0CE-DF18-4CBC-8F7A-90C2B74338D5}.NightlyDebug|Any CPU.ActiveCfg = Debug|Any CPU
		{34B9A0CE-DF18-4CBC-8F7A-90C2B74338D5}.NightlyDebug|Any CPU.Build.0 = Debug|Any CPU
		{34B9A0CE-DF18-4CBC-8F7A-90C2B74338D5}.NightlyRelease|Any CPU.ActiveCfg = Release|Any CPU
		{34B9A0CE-DF18-4CBC-8F7A-90C2B74338D5}.NightlyRelease|Any CPU.Build.0 = Release|Any CPU
		{34B9A0CE-DF18-4CBC-8F7A-90C2B74338D5}.Release|Any CPU.ActiveCfg = Release|Any CPU
		{34B9A0CE-DF18-4CBC-8F7A-90C2B74338D5}.Release|Any CPU.Build.0 = Release|Any CPU
		{304A8B0B-851B-4AA6-A17D-5F87F39C5E5C}.Debug|Any CPU.ActiveCfg = Debug|Any CPU
		{304A8B0B-851B-4AA6-A17D-5F87F39C5E5C}.Debug|Any CPU.Build.0 = Debug|Any CPU
		{304A8B0B-851B-4AA6-A17D-5F87F39C5E5C}.NightlyDebug|Any CPU.ActiveCfg = Debug|Any CPU
		{304A8B0B-851B-4AA6-A17D-5F87F39C5E5C}.NightlyDebug|Any CPU.Build.0 = Debug|Any CPU
		{304A8B0B-851B-4AA6-A17D-5F87F39C5E5C}.NightlyRelease|Any CPU.ActiveCfg = Release|Any CPU
		{304A8B0B-851B-4AA6-A17D-5F87F39C5E5C}.NightlyRelease|Any CPU.Build.0 = Release|Any CPU
		{304A8B0B-851B-4AA6-A17D-5F87F39C5E5C}.Release|Any CPU.ActiveCfg = Release|Any CPU
		{304A8B0B-851B-4AA6-A17D-5F87F39C5E5C}.Release|Any CPU.Build.0 = Release|Any CPU
		{6D83F687-ABB5-40B3-915E-CA53DA0EB7F3}.Debug|Any CPU.ActiveCfg = Debug|Any CPU
		{6D83F687-ABB5-40B3-915E-CA53DA0EB7F3}.Debug|Any CPU.Build.0 = Debug|Any CPU
		{6D83F687-ABB5-40B3-915E-CA53DA0EB7F3}.NightlyDebug|Any CPU.ActiveCfg = Debug|Any CPU
		{6D83F687-ABB5-40B3-915E-CA53DA0EB7F3}.NightlyDebug|Any CPU.Build.0 = Debug|Any CPU
		{6D83F687-ABB5-40B3-915E-CA53DA0EB7F3}.NightlyRelease|Any CPU.ActiveCfg = Release|Any CPU
		{6D83F687-ABB5-40B3-915E-CA53DA0EB7F3}.NightlyRelease|Any CPU.Build.0 = Release|Any CPU
		{6D83F687-ABB5-40B3-915E-CA53DA0EB7F3}.Release|Any CPU.ActiveCfg = Release|Any CPU
		{6D83F687-ABB5-40B3-915E-CA53DA0EB7F3}.Release|Any CPU.Build.0 = Release|Any CPU
		{6FD40C71-610C-4117-B360-60FC238F7D58}.Debug|Any CPU.ActiveCfg = Debug|Any CPU
		{6FD40C71-610C-4117-B360-60FC238F7D58}.Debug|Any CPU.Build.0 = Debug|Any CPU
		{6FD40C71-610C-4117-B360-60FC238F7D58}.NightlyDebug|Any CPU.ActiveCfg = Debug|Any CPU
		{6FD40C71-610C-4117-B360-60FC238F7D58}.NightlyDebug|Any CPU.Build.0 = Debug|Any CPU
		{6FD40C71-610C-4117-B360-60FC238F7D58}.NightlyRelease|Any CPU.ActiveCfg = Release|Any CPU
		{6FD40C71-610C-4117-B360-60FC238F7D58}.NightlyRelease|Any CPU.Build.0 = Release|Any CPU
		{6FD40C71-610C-4117-B360-60FC238F7D58}.Release|Any CPU.ActiveCfg = Release|Any CPU
		{6FD40C71-610C-4117-B360-60FC238F7D58}.Release|Any CPU.Build.0 = Release|Any CPU
		{A6A31B03-7C3D-4DE6-AA73-BE88116BC40A}.Debug|Any CPU.ActiveCfg = Debug|Any CPU
		{A6A31B03-7C3D-4DE6-AA73-BE88116BC40A}.Debug|Any CPU.Build.0 = Debug|Any CPU
		{A6A31B03-7C3D-4DE6-AA73-BE88116BC40A}.NightlyDebug|Any CPU.ActiveCfg = Debug|Any CPU
		{A6A31B03-7C3D-4DE6-AA73-BE88116BC40A}.NightlyDebug|Any CPU.Build.0 = Debug|Any CPU
		{A6A31B03-7C3D-4DE6-AA73-BE88116BC40A}.NightlyRelease|Any CPU.ActiveCfg = Release|Any CPU
		{A6A31B03-7C3D-4DE6-AA73-BE88116BC40A}.NightlyRelease|Any CPU.Build.0 = Release|Any CPU
		{A6A31B03-7C3D-4DE6-AA73-BE88116BC40A}.Release|Any CPU.ActiveCfg = Release|Any CPU
		{A6A31B03-7C3D-4DE6-AA73-BE88116BC40A}.Release|Any CPU.Build.0 = Release|Any CPU
		{5B994274-CEBB-429F-A9B6-612117C872ED}.Debug|Any CPU.ActiveCfg = Debug|Any CPU
		{5B994274-CEBB-429F-A9B6-612117C872ED}.Debug|Any CPU.Build.0 = Debug|Any CPU
		{5B994274-CEBB-429F-A9B6-612117C872ED}.NightlyDebug|Any CPU.ActiveCfg = Debug|Any CPU
		{5B994274-CEBB-429F-A9B6-612117C872ED}.NightlyDebug|Any CPU.Build.0 = Debug|Any CPU
		{5B994274-CEBB-429F-A9B6-612117C872ED}.NightlyRelease|Any CPU.ActiveCfg = Release|Any CPU
		{5B994274-CEBB-429F-A9B6-612117C872ED}.NightlyRelease|Any CPU.Build.0 = Release|Any CPU
		{5B994274-CEBB-429F-A9B6-612117C872ED}.Release|Any CPU.ActiveCfg = Release|Any CPU
		{5B994274-CEBB-429F-A9B6-612117C872ED}.Release|Any CPU.Build.0 = Release|Any CPU
		{15EA4D65-5E2C-418E-B749-291C59542ED8}.Debug|Any CPU.ActiveCfg = Debug|Any CPU
		{15EA4D65-5E2C-418E-B749-291C59542ED8}.Debug|Any CPU.Build.0 = Debug|Any CPU
		{15EA4D65-5E2C-418E-B749-291C59542ED8}.NightlyDebug|Any CPU.ActiveCfg = Debug|Any CPU
		{15EA4D65-5E2C-418E-B749-291C59542ED8}.NightlyDebug|Any CPU.Build.0 = Debug|Any CPU
		{15EA4D65-5E2C-418E-B749-291C59542ED8}.NightlyRelease|Any CPU.ActiveCfg = Release|Any CPU
		{15EA4D65-5E2C-418E-B749-291C59542ED8}.NightlyRelease|Any CPU.Build.0 = Release|Any CPU
		{15EA4D65-5E2C-418E-B749-291C59542ED8}.Release|Any CPU.ActiveCfg = Release|Any CPU
		{15EA4D65-5E2C-418E-B749-291C59542ED8}.Release|Any CPU.Build.0 = Release|Any CPU
		{27F2A417-B6ED-43AD-A38E-A0B6142216F6}.Debug|Any CPU.ActiveCfg = Debug|Any CPU
		{27F2A417-B6ED-43AD-A38E-A0B6142216F6}.Debug|Any CPU.Build.0 = Debug|Any CPU
		{27F2A417-B6ED-43AD-A38E-A0B6142216F6}.NightlyDebug|Any CPU.ActiveCfg = Debug|Any CPU
		{27F2A417-B6ED-43AD-A38E-A0B6142216F6}.NightlyDebug|Any CPU.Build.0 = Debug|Any CPU
		{27F2A417-B6ED-43AD-A38E-A0B6142216F6}.NightlyRelease|Any CPU.ActiveCfg = Release|Any CPU
		{27F2A417-B6ED-43AD-A38E-A0B6142216F6}.NightlyRelease|Any CPU.Build.0 = Release|Any CPU
		{27F2A417-B6ED-43AD-A38E-A0B6142216F6}.Release|Any CPU.ActiveCfg = Release|Any CPU
		{27F2A417-B6ED-43AD-A38E-A0B6142216F6}.Release|Any CPU.Build.0 = Release|Any CPU
		{EFBAECB0-A690-4147-A11C-BA25AC9EA94E}.Debug|Any CPU.ActiveCfg = Debug|Any CPU
		{EFBAECB0-A690-4147-A11C-BA25AC9EA94E}.Debug|Any CPU.Build.0 = Debug|Any CPU
		{EFBAECB0-A690-4147-A11C-BA25AC9EA94E}.NightlyDebug|Any CPU.ActiveCfg = Debug|Any CPU
		{EFBAECB0-A690-4147-A11C-BA25AC9EA94E}.NightlyDebug|Any CPU.Build.0 = Debug|Any CPU
		{EFBAECB0-A690-4147-A11C-BA25AC9EA94E}.NightlyRelease|Any CPU.ActiveCfg = Release|Any CPU
		{EFBAECB0-A690-4147-A11C-BA25AC9EA94E}.NightlyRelease|Any CPU.Build.0 = Release|Any CPU
		{EFBAECB0-A690-4147-A11C-BA25AC9EA94E}.Release|Any CPU.ActiveCfg = Release|Any CPU
		{EFBAECB0-A690-4147-A11C-BA25AC9EA94E}.Release|Any CPU.Build.0 = Release|Any CPU
		{A8DD96BA-3DC1-49AE-B050-DBC92732DF5C}.Debug|Any CPU.ActiveCfg = Debug|Any CPU
		{A8DD96BA-3DC1-49AE-B050-DBC92732DF5C}.Debug|Any CPU.Build.0 = Debug|Any CPU
		{A8DD96BA-3DC1-49AE-B050-DBC92732DF5C}.NightlyDebug|Any CPU.ActiveCfg = Debug|Any CPU
		{A8DD96BA-3DC1-49AE-B050-DBC92732DF5C}.NightlyDebug|Any CPU.Build.0 = Debug|Any CPU
		{A8DD96BA-3DC1-49AE-B050-DBC92732DF5C}.NightlyRelease|Any CPU.ActiveCfg = Release|Any CPU
		{A8DD96BA-3DC1-49AE-B050-DBC92732DF5C}.NightlyRelease|Any CPU.Build.0 = Release|Any CPU
		{A8DD96BA-3DC1-49AE-B050-DBC92732DF5C}.Release|Any CPU.ActiveCfg = Release|Any CPU
		{A8DD96BA-3DC1-49AE-B050-DBC92732DF5C}.Release|Any CPU.Build.0 = Release|Any CPU
		{F1B2C5CF-222F-44A3-89D4-96FBEFBEF445}.Debug|Any CPU.ActiveCfg = Debug|Any CPU
		{F1B2C5CF-222F-44A3-89D4-96FBEFBEF445}.Debug|Any CPU.Build.0 = Debug|Any CPU
		{F1B2C5CF-222F-44A3-89D4-96FBEFBEF445}.NightlyDebug|Any CPU.ActiveCfg = Debug|Any CPU
		{F1B2C5CF-222F-44A3-89D4-96FBEFBEF445}.NightlyDebug|Any CPU.Build.0 = Debug|Any CPU
		{F1B2C5CF-222F-44A3-89D4-96FBEFBEF445}.NightlyRelease|Any CPU.ActiveCfg = Release|Any CPU
		{F1B2C5CF-222F-44A3-89D4-96FBEFBEF445}.NightlyRelease|Any CPU.Build.0 = Release|Any CPU
		{F1B2C5CF-222F-44A3-89D4-96FBEFBEF445}.Release|Any CPU.ActiveCfg = Release|Any CPU
		{F1B2C5CF-222F-44A3-89D4-96FBEFBEF445}.Release|Any CPU.Build.0 = Release|Any CPU
		{2CBCE25A-721C-4347-B34D-7FD74CA9BE74}.Debug|Any CPU.ActiveCfg = Debug|Any CPU
		{2CBCE25A-721C-4347-B34D-7FD74CA9BE74}.Debug|Any CPU.Build.0 = Debug|Any CPU
		{2CBCE25A-721C-4347-B34D-7FD74CA9BE74}.NightlyDebug|Any CPU.ActiveCfg = Debug|Any CPU
		{2CBCE25A-721C-4347-B34D-7FD74CA9BE74}.NightlyDebug|Any CPU.Build.0 = Debug|Any CPU
		{2CBCE25A-721C-4347-B34D-7FD74CA9BE74}.NightlyRelease|Any CPU.ActiveCfg = Release|Any CPU
		{2CBCE25A-721C-4347-B34D-7FD74CA9BE74}.NightlyRelease|Any CPU.Build.0 = Release|Any CPU
		{2CBCE25A-721C-4347-B34D-7FD74CA9BE74}.Release|Any CPU.ActiveCfg = Release|Any CPU
		{2CBCE25A-721C-4347-B34D-7FD74CA9BE74}.Release|Any CPU.Build.0 = Release|Any CPU
		{F048D884-5356-4276-94A4-B880C55E585B}.Debug|Any CPU.ActiveCfg = Debug|Any CPU
		{F048D884-5356-4276-94A4-B880C55E585B}.Debug|Any CPU.Build.0 = Debug|Any CPU
		{F048D884-5356-4276-94A4-B880C55E585B}.NightlyDebug|Any CPU.ActiveCfg = Debug|Any CPU
		{F048D884-5356-4276-94A4-B880C55E585B}.NightlyDebug|Any CPU.Build.0 = Debug|Any CPU
		{F048D884-5356-4276-94A4-B880C55E585B}.NightlyRelease|Any CPU.ActiveCfg = Release|Any CPU
		{F048D884-5356-4276-94A4-B880C55E585B}.NightlyRelease|Any CPU.Build.0 = Release|Any CPU
		{F048D884-5356-4276-94A4-B880C55E585B}.Release|Any CPU.ActiveCfg = Release|Any CPU
		{F048D884-5356-4276-94A4-B880C55E585B}.Release|Any CPU.Build.0 = Release|Any CPU
		{61682EF5-3821-4756-85D1-A90ECA59CC5F}.Debug|Any CPU.ActiveCfg = Debug|Any CPU
		{61682EF5-3821-4756-85D1-A90ECA59CC5F}.Debug|Any CPU.Build.0 = Debug|Any CPU
		{61682EF5-3821-4756-85D1-A90ECA59CC5F}.NightlyDebug|Any CPU.ActiveCfg = Debug|Any CPU
		{61682EF5-3821-4756-85D1-A90ECA59CC5F}.NightlyDebug|Any CPU.Build.0 = Debug|Any CPU
		{61682EF5-3821-4756-85D1-A90ECA59CC5F}.NightlyRelease|Any CPU.ActiveCfg = Release|Any CPU
		{61682EF5-3821-4756-85D1-A90ECA59CC5F}.NightlyRelease|Any CPU.Build.0 = Release|Any CPU
		{61682EF5-3821-4756-85D1-A90ECA59CC5F}.Release|Any CPU.ActiveCfg = Release|Any CPU
		{61682EF5-3821-4756-85D1-A90ECA59CC5F}.Release|Any CPU.Build.0 = Release|Any CPU
	EndGlobalSection
	GlobalSection(SolutionProperties) = preSolution
		HideSolutionNode = FALSE
	EndGlobalSection
	GlobalSection(NestedProjects) = preSolution
		{EB228A9D-76D8-4B9A-AA71-24F092FAAD7C} = {32D690E4-5486-4983-90B4-6FD8C0A7A7C4}
		{BEDD0E63-6EFD-4FF6-B0F9-D155D8DC5205} = {32D690E4-5486-4983-90B4-6FD8C0A7A7C4}
		{4A34A3C5-6176-49D7-A4C5-B2B671247F8F} = {EB228A9D-76D8-4B9A-AA71-24F092FAAD7C}
		{33CAB640-0D03-43DF-81BD-22CDC6C0A597} = {EB228A9D-76D8-4B9A-AA71-24F092FAAD7C}
		{319E151C-8F33-49E7-81C9-30F02F9BA90A} = {EB228A9D-76D8-4B9A-AA71-24F092FAAD7C}
		{4B0054FD-124A-4037-9965-BDB55E6BF389} = {EB228A9D-76D8-4B9A-AA71-24F092FAAD7C}
		{08156C78-403A-4112-AD81-8646AC51CD2F} = {EB228A9D-76D8-4B9A-AA71-24F092FAAD7C}
		{34B9A0CE-DF18-4CBC-8F7A-90C2B74338D5} = {EB228A9D-76D8-4B9A-AA71-24F092FAAD7C}
		{304A8B0B-851B-4AA6-A17D-5F87F39C5E5C} = {EB228A9D-76D8-4B9A-AA71-24F092FAAD7C}
		{6D83F687-ABB5-40B3-915E-CA53DA0EB7F3} = {EB228A9D-76D8-4B9A-AA71-24F092FAAD7C}
		{A6A31B03-7C3D-4DE6-AA73-BE88116BC40A} = {EB228A9D-76D8-4B9A-AA71-24F092FAAD7C}
		{15FF2982-EBD1-45DC-8FDF-4D901236E3D9} = {BEDD0E63-6EFD-4FF6-B0F9-D155D8DC5205}
		{035FEA7F-0D36-4AE4-B694-EC45191B9AF2} = {BEDD0E63-6EFD-4FF6-B0F9-D155D8DC5205}
		{CEB76EA1-A168-49B0-A410-2C4195FEE86F} = {BEDD0E63-6EFD-4FF6-B0F9-D155D8DC5205}
		{319E150C-8F33-49E7-81CA-30F02F9BA90A} = {BEDD0E63-6EFD-4FF6-B0F9-D155D8DC5205}
		{27F2A417-B6ED-43AD-A38E-A0B6142216F6} = {BEDD0E63-6EFD-4FF6-B0F9-D155D8DC5205}
		{EFBAECB0-A690-4147-A11C-BA25AC9EA94E} = {7BF53A15-F802-47BE-90B7-CC7744E1D489}
		{A8DD96BA-3DC1-49AE-B050-DBC92732DF5C} = {7BF53A15-F802-47BE-90B7-CC7744E1D489}
		{F1B2C5CF-222F-44A3-89D4-96FBEFBEF445} = {7BF53A15-F802-47BE-90B7-CC7744E1D489}
		{F048D884-5356-4276-94A4-B880C55E585B} = {7BF53A15-F802-47BE-90B7-CC7744E1D489}
		{61682EF5-3821-4756-85D1-A90ECA59CC5F} = {7BF53A15-F802-47BE-90B7-CC7744E1D489}
		{2CBCE25A-721C-4347-B34D-7FD74CA9BE74} = {8B5B49CA-CDFE-4BFB-892D-756C5F00BA38}
	EndGlobalSection
EndGlobal
