
Microsoft Visual Studio Solution File, Format Version 11.00
# Visual Studio 2010
Project("{2150E333-8FDC-42A3-9474-1A3956D46DE8}") = "Tests", "Tests", "{54C22B9F-7DD4-44F0-9B36-449DCD40C6CC}"
EndProject
Project("{2150E333-8FDC-42A3-9474-1A3956D46DE8}") = "Samples", "Samples", "{F7A60C29-D16A-457E-A554-AC1078718BBC}"
EndProject
Project("{2150E333-8FDC-42A3-9474-1A3956D46DE8}") = "Metadata", "Metadata", "{1B359551-AFB6-4EE2-A779-2F2071CCB451}"
EndProject
Project("{2150E333-8FDC-42A3-9474-1A3956D46DE8}") = "Tests", "Tests", "{5795EBEE-7F94-4E25-B9C9-4E0238514B1B}"
EndProject
Project("{2150E333-8FDC-42A3-9474-1A3956D46DE8}") = "Solution Items", "Solution Items", "{2886EC15-51EC-4BE2-B65A-FE8A0875C9DC}"
	ProjectSection(SolutionItems) = preProject
		Ast.vsmdi = Ast.vsmdi
	EndProjectSection
EndProject
Project("{2150E333-8FDC-42A3-9474-1A3956D46DE8}") = "Build", "Build", "{C89F78BA-178F-4747-B78A-EC7567619FA2}"
	ProjectSection(SolutionItems) = preProject
		Build\cciast.build = Build\cciast.build
		Build\ccnet.config = Build\ccnet.config
	EndProjectSection
EndProject
Project("{FAE04EC0-301F-11D3-BF4B-00C04F79EFBC}") = "CodeModel", "Sources\CodeModel\CodeModel.csproj", "{035FEA7F-0D36-4AE4-B694-EC45191B9AF2}"
EndProject
Project("{FAE04EC0-301F-11D3-BF4B-00C04F79EFBC}") = "AssertionAdder", "Sources\AssertionAdder\AssertionAdder.csproj", "{402F6E0A-9762-400D-94F9-BA5D48A538CD}"
EndProject
Project("{FAE04EC0-301F-11D3-BF4B-00C04F79EFBC}") = "AstsProjectedAsCodeModel", "Sources\AstsProjectedAsCodeModel\AstsProjectedAsCodeModel.csproj", "{15FF2982-EBD1-45DC-8FDF-4D901236E3D9}"
EndProject
Project("{FAE04EC0-301F-11D3-BF4B-00C04F79EFBC}") = "CodeModelToIL", "Sources\CodeModelToIL\CodeModelToIL.csproj", "{CEB76EA1-A168-49B0-A410-2C4195FEE86F}"
EndProject
Project("{FAE04EC0-301F-11D3-BF4B-00C04F79EFBC}") = "ILToCodeModel", "Sources\ILToCodeModel\ILToCodeModel.csproj", "{27F2A417-B6ED-43AD-A38E-A0B6142216F6}"
EndProject
Project("{FAE04EC0-301F-11D3-BF4B-00C04F79EFBC}") = "PeToText", "Samples\PeToText\PeToText.csproj", "{DDB020B7-6B28-40E8-B3D6-FD998EBDD552}"
EndProject
Project("{FAE04EC0-301F-11D3-BF4B-00C04F79EFBC}") = "CodeModelTests", "Tests\CodeModelTests\CodeModelTests.csproj", "{98966A5A-CCE7-4E94-B6D9-34B1B45A19B9}"
EndProject
Project("{FAE04EC0-301F-11D3-BF4B-00C04F79EFBC}") = "CodeModelTestInput", "Tests\CodeModelTestInput\CodeModelTestInput.csproj", "{965AF57D-DCE4-4112-BDC5-64CD63ACA88C}"
EndProject
Project("{FAE04EC0-301F-11D3-BF4B-00C04F79EFBC}") = "CSharpSourceEmitter", "Tests\CSharpSourceEmitter\CSharpSourceEmitter.csproj", "{A9103DDA-3A93-441A-8326-6EB20518C251}"
EndProject
Project("{FAE04EC0-301F-11D3-BF4B-00C04F79EFBC}") = "MetadataModel", "Metadata\Sources\MetadataModel\MetadataModel.csproj", "{33CAB640-0D03-43DF-81BD-22CDC6C0A597}"
EndProject
Project("{FAE04EC0-301F-11D3-BF4B-00C04F79EFBC}") = "MetadataHelper", "Metadata\Sources\MetadataHelper\MetadataHelper.csproj", "{4A34A3C5-6176-49D7-A4C5-B2B671247F8F}"
EndProject
Project("{FAE04EC0-301F-11D3-BF4B-00C04F79EFBC}") = "MutableMetadataModel", "Metadata\Sources\MutableMetadataModel\MutableMetadataModel.csproj", "{319E151C-8F33-49E7-81C9-30F02F9BA90A}"
EndProject
Project("{FAE04EC0-301F-11D3-BF4B-00C04F79EFBC}") = "PeReader", "Metadata\Sources\PeReader\PeReader.csproj", "{34B9A0CE-DF18-4CBC-8F7A-90C2B74338D5}"
EndProject
Project("{FAE04EC0-301F-11D3-BF4B-00C04F79EFBC}") = "PdbReader", "Metadata\Sources\PdbReader\PdbReader.csproj", "{A6A31B03-7C3D-4DE6-AA73-BE88116BC40A}"
EndProject
Project("{FAE04EC0-301F-11D3-BF4B-00C04F79EFBC}") = "PdbWriter", "Metadata\Sources\PdbWriter\PdbWriter.csproj", "{6D83F687-ABB5-40B3-915E-CA53DA0EB7F3}"
EndProject
Project("{FAE04EC0-301F-11D3-BF4B-00C04F79EFBC}") = "SourceModel", "Metadata\Sources\SourceModel\SourceModel.csproj", "{4B0054FD-124A-4037-9965-BDB55E6BF389}"
EndProject
Project("{FAE04EC0-301F-11D3-BF4B-00C04F79EFBC}") = "PeWriter", "Metadata\Sources\PeWriter\PeWriter.csproj", "{304A8B0B-851B-4AA6-A17D-5F87F39C5E5C}"
EndProject
Project("{FAE04EC0-301F-11D3-BF4B-00C04F79EFBC}") = "ILGenerator", "Metadata\Sources\ILGenerator\ILGenerator.csproj", "{08156C78-403A-4112-AD81-8646AC51CD2F}"
EndProject
Project("{FAE04EC0-301F-11D3-BF4B-00C04F79EFBC}") = "MutableCodeModel", "Sources\MutableCodeModel\MutableCodeModel.csproj", "{319E150C-8F33-49E7-81CA-30F02F9BA90A}"
EndProject
Project("{FAE04EC0-301F-11D3-BF4B-00C04F79EFBC}") = "RoundtripTests", "Metadata\Tests\RoundtripTests\RoundtripTests.csproj", "{71B89CE8-CD33-4BC1-A411-4002D367F38D}"
EndProject
Project("{FAE04EC0-301F-11D3-BF4B-00C04F79EFBC}") = "PeToPeViaCodeModel", "Samples\PeToPe\PeToPeViaCodeModel.csproj", "{47D44A88-A9EE-46E9-8781-5B42A503A493}"
EndProject
Project("{FAE04EC0-301F-11D3-BF4B-00C04F79EFBC}") = "CodeModelRoundtripTests", "Tests\CodeModelRoundtripTests\CodeModelRoundtripTests.csproj", "{71B89CE8-CD33-4BC1-A411-4002D377F38D}"
EndProject
Project("{FAE04EC0-301F-11D3-BF4B-00C04F79EFBC}") = "PEReaderTests", "Metadata\Tests\PEReaderTests\PEReaderTests.csproj", "{A6BABD10-C384-4F9F-93D7-99B935A41719}"
EndProject
Project("{FAE04EC0-301F-11D3-BF4B-00C04F79EFBC}") = "PeToPe", "Metadata\Samples\PeToPe\PeToPe.csproj", "{47D44A88-A9EE-46E9-8780-5B42A503A493}"
EndProject
Project("{FAE04EC0-301F-11D3-BF4B-00C04F79EFBC}") = "Ast.All", "Build\Ast.All\Ast.All.csproj", "{00E3C2BD-5642-4AAC-B125-6B33BE8BB9A9}"
EndProject
Project("{FAE04EC0-301F-11D3-BF4B-00C04F79EFBC}") = "HelloCodeModel", "Samples\HelloCodeModel\HelloCodeModel.csproj", "{DA095D70-B99F-4703-BCDF-A1E133DF685D}"
EndProject
Project("{FAE04EC0-301F-11D3-BF4B-00C04F79EFBC}") = "HelloAST", "Samples\HelloAST\HelloAST.csproj", "{DA095D70-B99F-4704-BCDF-A1E133DF685D}"
EndProject
Project("{FAE04EC0-301F-11D3-BF4B-00C04F79EFBC}") = "GenericResolutionTests", "Tests\GenericResolutionTests\GenericResolutionTests.csproj", "{94D7F17B-2FFB-4944-9160-602E8F68EBB1}"
EndProject
Project("{FAE04EC0-301F-11D3-BF4B-00C04F79EFBC}") = "HelloContracts", "Samples\HelloContracts\HelloContracts.csproj", "{ADD09DE8-1D22-4DF6-8C35-F91C1FCD3236}"
EndProject
Project("{FAE04EC0-301F-11D3-BF4B-00C04F79EFBC}") = "ContractExtractor", "Sources\ContractExtractor\ContractExtractor.csproj", "{0703D916-A881-45E6-A5CD-6BC50E2E30E2}"
EndProject
Project("{FAE04EC0-301F-11D3-BF4B-00C04F79EFBC}") = "Microsoft.Contracts", "Metadata\Sources\Microsoft.Contracts\Microsoft.Contracts.csproj", "{B114E5FF-F2A2-4BE7-8AF1-936FC87030F0}"
EndProject
Global
	GlobalSection(SolutionConfigurationPlatforms) = preSolution
		Debug|Any CPU = Debug|Any CPU
		FastpathSim|Any CPU = FastpathSim|Any CPU
		NightlyDebug|Any CPU = NightlyDebug|Any CPU
		NightlyRelease|Any CPU = NightlyRelease|Any CPU
		Release|Any CPU = Release|Any CPU
	EndGlobalSection
	GlobalSection(ProjectConfigurationPlatforms) = postSolution
		{035FEA7F-0D36-4AE4-B694-EC45191B9AF2}.Debug|Any CPU.ActiveCfg = Debug|Any CPU
		{035FEA7F-0D36-4AE4-B694-EC45191B9AF2}.Debug|Any CPU.Build.0 = Debug|Any CPU
		{035FEA7F-0D36-4AE4-B694-EC45191B9AF2}.FastpathSim|Any CPU.ActiveCfg = CompilerOnly|Any CPU
		{035FEA7F-0D36-4AE4-B694-EC45191B9AF2}.FastpathSim|Any CPU.Build.0 = CompilerOnly|Any CPU
		{035FEA7F-0D36-4AE4-B694-EC45191B9AF2}.NightlyDebug|Any CPU.ActiveCfg = Debug|Any CPU
		{035FEA7F-0D36-4AE4-B694-EC45191B9AF2}.NightlyDebug|Any CPU.Build.0 = Debug|Any CPU
		{035FEA7F-0D36-4AE4-B694-EC45191B9AF2}.NightlyRelease|Any CPU.ActiveCfg = Release|Any CPU
		{035FEA7F-0D36-4AE4-B694-EC45191B9AF2}.NightlyRelease|Any CPU.Build.0 = Release|Any CPU
		{035FEA7F-0D36-4AE4-B694-EC45191B9AF2}.Release|Any CPU.ActiveCfg = Release|Any CPU
		{035FEA7F-0D36-4AE4-B694-EC45191B9AF2}.Release|Any CPU.Build.0 = Release|Any CPU
		{402F6E0A-9762-400D-94F9-BA5D48A538CD}.Debug|Any CPU.ActiveCfg = Debug|Any CPU
		{402F6E0A-9762-400D-94F9-BA5D48A538CD}.Debug|Any CPU.Build.0 = Debug|Any CPU
		{402F6E0A-9762-400D-94F9-BA5D48A538CD}.FastpathSim|Any CPU.ActiveCfg = Release|Any CPU
		{402F6E0A-9762-400D-94F9-BA5D48A538CD}.FastpathSim|Any CPU.Build.0 = Release|Any CPU
		{402F6E0A-9762-400D-94F9-BA5D48A538CD}.NightlyDebug|Any CPU.ActiveCfg = Debug|Any CPU
		{402F6E0A-9762-400D-94F9-BA5D48A538CD}.NightlyDebug|Any CPU.Build.0 = Debug|Any CPU
		{402F6E0A-9762-400D-94F9-BA5D48A538CD}.NightlyRelease|Any CPU.ActiveCfg = Release|Any CPU
		{402F6E0A-9762-400D-94F9-BA5D48A538CD}.NightlyRelease|Any CPU.Build.0 = Release|Any CPU
		{402F6E0A-9762-400D-94F9-BA5D48A538CD}.Release|Any CPU.ActiveCfg = Release|Any CPU
		{402F6E0A-9762-400D-94F9-BA5D48A538CD}.Release|Any CPU.Build.0 = Release|Any CPU
		{15FF2982-EBD1-45DC-8FDF-4D901236E3D9}.Debug|Any CPU.ActiveCfg = Debug|Any CPU
		{15FF2982-EBD1-45DC-8FDF-4D901236E3D9}.Debug|Any CPU.Build.0 = Debug|Any CPU
		{15FF2982-EBD1-45DC-8FDF-4D901236E3D9}.FastpathSim|Any CPU.ActiveCfg = CompilerOnly|Any CPU
		{15FF2982-EBD1-45DC-8FDF-4D901236E3D9}.FastpathSim|Any CPU.Build.0 = CompilerOnly|Any CPU
		{15FF2982-EBD1-45DC-8FDF-4D901236E3D9}.NightlyDebug|Any CPU.ActiveCfg = NightlyDebug|Any CPU
		{15FF2982-EBD1-45DC-8FDF-4D901236E3D9}.NightlyDebug|Any CPU.Build.0 = NightlyDebug|Any CPU
		{15FF2982-EBD1-45DC-8FDF-4D901236E3D9}.NightlyRelease|Any CPU.ActiveCfg = NightlyRelease|Any CPU
		{15FF2982-EBD1-45DC-8FDF-4D901236E3D9}.NightlyRelease|Any CPU.Build.0 = NightlyRelease|Any CPU
		{15FF2982-EBD1-45DC-8FDF-4D901236E3D9}.Release|Any CPU.ActiveCfg = Release|Any CPU
		{15FF2982-EBD1-45DC-8FDF-4D901236E3D9}.Release|Any CPU.Build.0 = Release|Any CPU
		{CEB76EA1-A168-49B0-A410-2C4195FEE86F}.Debug|Any CPU.ActiveCfg = Debug|Any CPU
		{CEB76EA1-A168-49B0-A410-2C4195FEE86F}.Debug|Any CPU.Build.0 = Debug|Any CPU
		{CEB76EA1-A168-49B0-A410-2C4195FEE86F}.FastpathSim|Any CPU.ActiveCfg = CompilerOnly|Any CPU
		{CEB76EA1-A168-49B0-A410-2C4195FEE86F}.FastpathSim|Any CPU.Build.0 = CompilerOnly|Any CPU
		{CEB76EA1-A168-49B0-A410-2C4195FEE86F}.NightlyDebug|Any CPU.ActiveCfg = Debug|Any CPU
		{CEB76EA1-A168-49B0-A410-2C4195FEE86F}.NightlyDebug|Any CPU.Build.0 = Debug|Any CPU
		{CEB76EA1-A168-49B0-A410-2C4195FEE86F}.NightlyRelease|Any CPU.ActiveCfg = Release|Any CPU
		{CEB76EA1-A168-49B0-A410-2C4195FEE86F}.NightlyRelease|Any CPU.Build.0 = Release|Any CPU
		{CEB76EA1-A168-49B0-A410-2C4195FEE86F}.Release|Any CPU.ActiveCfg = Release|Any CPU
		{CEB76EA1-A168-49B0-A410-2C4195FEE86F}.Release|Any CPU.Build.0 = Release|Any CPU
		{27F2A417-B6ED-43AD-A38E-A0B6142216F6}.Debug|Any CPU.ActiveCfg = Debug|Any CPU
		{27F2A417-B6ED-43AD-A38E-A0B6142216F6}.Debug|Any CPU.Build.0 = Debug|Any CPU
		{27F2A417-B6ED-43AD-A38E-A0B6142216F6}.FastpathSim|Any CPU.ActiveCfg = Release|Any CPU
		{27F2A417-B6ED-43AD-A38E-A0B6142216F6}.FastpathSim|Any CPU.Build.0 = Release|Any CPU
		{27F2A417-B6ED-43AD-A38E-A0B6142216F6}.NightlyDebug|Any CPU.ActiveCfg = Debug|Any CPU
		{27F2A417-B6ED-43AD-A38E-A0B6142216F6}.NightlyDebug|Any CPU.Build.0 = Debug|Any CPU
		{27F2A417-B6ED-43AD-A38E-A0B6142216F6}.NightlyRelease|Any CPU.ActiveCfg = Release|Any CPU
		{27F2A417-B6ED-43AD-A38E-A0B6142216F6}.NightlyRelease|Any CPU.Build.0 = Release|Any CPU
		{27F2A417-B6ED-43AD-A38E-A0B6142216F6}.Release|Any CPU.ActiveCfg = Release|Any CPU
		{27F2A417-B6ED-43AD-A38E-A0B6142216F6}.Release|Any CPU.Build.0 = Release|Any CPU
		{DDB020B7-6B28-40E8-B3D6-FD998EBDD552}.Debug|Any CPU.ActiveCfg = Debug|Any CPU
		{DDB020B7-6B28-40E8-B3D6-FD998EBDD552}.Debug|Any CPU.Build.0 = Debug|Any CPU
		{DDB020B7-6B28-40E8-B3D6-FD998EBDD552}.FastpathSim|Any CPU.ActiveCfg = Release|Any CPU
		{DDB020B7-6B28-40E8-B3D6-FD998EBDD552}.FastpathSim|Any CPU.Build.0 = Release|Any CPU
		{DDB020B7-6B28-40E8-B3D6-FD998EBDD552}.NightlyDebug|Any CPU.ActiveCfg = Debug|Any CPU
		{DDB020B7-6B28-40E8-B3D6-FD998EBDD552}.NightlyDebug|Any CPU.Build.0 = Debug|Any CPU
		{DDB020B7-6B28-40E8-B3D6-FD998EBDD552}.NightlyRelease|Any CPU.ActiveCfg = Release|Any CPU
		{DDB020B7-6B28-40E8-B3D6-FD998EBDD552}.NightlyRelease|Any CPU.Build.0 = Release|Any CPU
		{DDB020B7-6B28-40E8-B3D6-FD998EBDD552}.Release|Any CPU.ActiveCfg = Release|Any CPU
		{DDB020B7-6B28-40E8-B3D6-FD998EBDD552}.Release|Any CPU.Build.0 = Release|Any CPU
		{98966A5A-CCE7-4E94-B6D9-34B1B45A19B9}.Debug|Any CPU.ActiveCfg = Debug|Any CPU
		{98966A5A-CCE7-4E94-B6D9-34B1B45A19B9}.Debug|Any CPU.Build.0 = Debug|Any CPU
		{98966A5A-CCE7-4E94-B6D9-34B1B45A19B9}.FastpathSim|Any CPU.ActiveCfg = Release|Any CPU
		{98966A5A-CCE7-4E94-B6D9-34B1B45A19B9}.FastpathSim|Any CPU.Build.0 = Release|Any CPU
		{98966A5A-CCE7-4E94-B6D9-34B1B45A19B9}.NightlyDebug|Any CPU.ActiveCfg = Debug|Any CPU
		{98966A5A-CCE7-4E94-B6D9-34B1B45A19B9}.NightlyDebug|Any CPU.Build.0 = Debug|Any CPU
		{98966A5A-CCE7-4E94-B6D9-34B1B45A19B9}.NightlyRelease|Any CPU.ActiveCfg = Release|Any CPU
		{98966A5A-CCE7-4E94-B6D9-34B1B45A19B9}.NightlyRelease|Any CPU.Build.0 = Release|Any CPU
		{98966A5A-CCE7-4E94-B6D9-34B1B45A19B9}.Release|Any CPU.ActiveCfg = Release|Any CPU
		{98966A5A-CCE7-4E94-B6D9-34B1B45A19B9}.Release|Any CPU.Build.0 = Release|Any CPU
		{965AF57D-DCE4-4112-BDC5-64CD63ACA88C}.Debug|Any CPU.ActiveCfg = Debug|Any CPU
		{965AF57D-DCE4-4112-BDC5-64CD63ACA88C}.Debug|Any CPU.Build.0 = Debug|Any CPU
		{965AF57D-DCE4-4112-BDC5-64CD63ACA88C}.FastpathSim|Any CPU.ActiveCfg = Release|Any CPU
		{965AF57D-DCE4-4112-BDC5-64CD63ACA88C}.FastpathSim|Any CPU.Build.0 = Release|Any CPU
		{965AF57D-DCE4-4112-BDC5-64CD63ACA88C}.NightlyDebug|Any CPU.ActiveCfg = Debug|Any CPU
		{965AF57D-DCE4-4112-BDC5-64CD63ACA88C}.NightlyDebug|Any CPU.Build.0 = Debug|Any CPU
		{965AF57D-DCE4-4112-BDC5-64CD63ACA88C}.NightlyRelease|Any CPU.ActiveCfg = Release|Any CPU
		{965AF57D-DCE4-4112-BDC5-64CD63ACA88C}.NightlyRelease|Any CPU.Build.0 = Release|Any CPU
		{965AF57D-DCE4-4112-BDC5-64CD63ACA88C}.Release|Any CPU.ActiveCfg = Release|Any CPU
		{965AF57D-DCE4-4112-BDC5-64CD63ACA88C}.Release|Any CPU.Build.0 = Release|Any CPU
		{A9103DDA-3A93-441A-8326-6EB20518C251}.Debug|Any CPU.ActiveCfg = Debug|Any CPU
		{A9103DDA-3A93-441A-8326-6EB20518C251}.Debug|Any CPU.Build.0 = Debug|Any CPU
		{A9103DDA-3A93-441A-8326-6EB20518C251}.FastpathSim|Any CPU.ActiveCfg = Release|Any CPU
		{A9103DDA-3A93-441A-8326-6EB20518C251}.FastpathSim|Any CPU.Build.0 = Release|Any CPU
		{A9103DDA-3A93-441A-8326-6EB20518C251}.NightlyDebug|Any CPU.ActiveCfg = Debug|Any CPU
		{A9103DDA-3A93-441A-8326-6EB20518C251}.NightlyDebug|Any CPU.Build.0 = Debug|Any CPU
		{A9103DDA-3A93-441A-8326-6EB20518C251}.NightlyRelease|Any CPU.ActiveCfg = Release|Any CPU
		{A9103DDA-3A93-441A-8326-6EB20518C251}.NightlyRelease|Any CPU.Build.0 = Release|Any CPU
		{A9103DDA-3A93-441A-8326-6EB20518C251}.Release|Any CPU.ActiveCfg = Release|Any CPU
		{A9103DDA-3A93-441A-8326-6EB20518C251}.Release|Any CPU.Build.0 = Release|Any CPU
		{33CAB640-0D03-43DF-81BD-22CDC6C0A597}.Debug|Any CPU.ActiveCfg = Debug|Any CPU
		{33CAB640-0D03-43DF-81BD-22CDC6C0A597}.Debug|Any CPU.Build.0 = Debug|Any CPU
		{33CAB640-0D03-43DF-81BD-22CDC6C0A597}.FastpathSim|Any CPU.ActiveCfg = CompilerOnly|Any CPU
		{33CAB640-0D03-43DF-81BD-22CDC6C0A597}.FastpathSim|Any CPU.Build.0 = CompilerOnly|Any CPU
		{33CAB640-0D03-43DF-81BD-22CDC6C0A597}.NightlyDebug|Any CPU.ActiveCfg = NightlyDebug|Any CPU
		{33CAB640-0D03-43DF-81BD-22CDC6C0A597}.NightlyDebug|Any CPU.Build.0 = NightlyDebug|Any CPU
		{33CAB640-0D03-43DF-81BD-22CDC6C0A597}.NightlyRelease|Any CPU.ActiveCfg = NightlyRelease|Any CPU
		{33CAB640-0D03-43DF-81BD-22CDC6C0A597}.NightlyRelease|Any CPU.Build.0 = NightlyRelease|Any CPU
		{33CAB640-0D03-43DF-81BD-22CDC6C0A597}.Release|Any CPU.ActiveCfg = Release|Any CPU
		{33CAB640-0D03-43DF-81BD-22CDC6C0A597}.Release|Any CPU.Build.0 = Release|Any CPU
		{4A34A3C5-6176-49D7-A4C5-B2B671247F8F}.Debug|Any CPU.ActiveCfg = Debug|Any CPU
		{4A34A3C5-6176-49D7-A4C5-B2B671247F8F}.Debug|Any CPU.Build.0 = Debug|Any CPU
		{4A34A3C5-6176-49D7-A4C5-B2B671247F8F}.FastpathSim|Any CPU.ActiveCfg = CompilerOnly|Any CPU
		{4A34A3C5-6176-49D7-A4C5-B2B671247F8F}.FastpathSim|Any CPU.Build.0 = CompilerOnly|Any CPU
		{4A34A3C5-6176-49D7-A4C5-B2B671247F8F}.NightlyDebug|Any CPU.ActiveCfg = NightlyDebug|Any CPU
		{4A34A3C5-6176-49D7-A4C5-B2B671247F8F}.NightlyDebug|Any CPU.Build.0 = NightlyDebug|Any CPU
		{4A34A3C5-6176-49D7-A4C5-B2B671247F8F}.NightlyRelease|Any CPU.ActiveCfg = NightlyRelease|Any CPU
		{4A34A3C5-6176-49D7-A4C5-B2B671247F8F}.NightlyRelease|Any CPU.Build.0 = NightlyRelease|Any CPU
		{4A34A3C5-6176-49D7-A4C5-B2B671247F8F}.Release|Any CPU.ActiveCfg = Release|Any CPU
		{4A34A3C5-6176-49D7-A4C5-B2B671247F8F}.Release|Any CPU.Build.0 = Release|Any CPU
		{319E151C-8F33-49E7-81C9-30F02F9BA90A}.Debug|Any CPU.ActiveCfg = Debug|Any CPU
		{319E151C-8F33-49E7-81C9-30F02F9BA90A}.Debug|Any CPU.Build.0 = Debug|Any CPU
		{319E151C-8F33-49E7-81C9-30F02F9BA90A}.FastpathSim|Any CPU.ActiveCfg = CompilerOnly|Any CPU
		{319E151C-8F33-49E7-81C9-30F02F9BA90A}.FastpathSim|Any CPU.Build.0 = CompilerOnly|Any CPU
		{319E151C-8F33-49E7-81C9-30F02F9BA90A}.NightlyDebug|Any CPU.ActiveCfg = NightlyDebug|Any CPU
		{319E151C-8F33-49E7-81C9-30F02F9BA90A}.NightlyDebug|Any CPU.Build.0 = NightlyDebug|Any CPU
		{319E151C-8F33-49E7-81C9-30F02F9BA90A}.NightlyRelease|Any CPU.ActiveCfg = NightlyRelease|Any CPU
		{319E151C-8F33-49E7-81C9-30F02F9BA90A}.NightlyRelease|Any CPU.Build.0 = NightlyRelease|Any CPU
		{319E151C-8F33-49E7-81C9-30F02F9BA90A}.Release|Any CPU.ActiveCfg = Release|Any CPU
		{319E151C-8F33-49E7-81C9-30F02F9BA90A}.Release|Any CPU.Build.0 = Release|Any CPU
		{34B9A0CE-DF18-4CBC-8F7A-90C2B74338D5}.Debug|Any CPU.ActiveCfg = Debug|Any CPU
		{34B9A0CE-DF18-4CBC-8F7A-90C2B74338D5}.Debug|Any CPU.Build.0 = Debug|Any CPU
		{34B9A0CE-DF18-4CBC-8F7A-90C2B74338D5}.FastpathSim|Any CPU.ActiveCfg = CompilerOnly|Any CPU
		{34B9A0CE-DF18-4CBC-8F7A-90C2B74338D5}.FastpathSim|Any CPU.Build.0 = CompilerOnly|Any CPU
		{34B9A0CE-DF18-4CBC-8F7A-90C2B74338D5}.NightlyDebug|Any CPU.ActiveCfg = Debug|Any CPU
		{34B9A0CE-DF18-4CBC-8F7A-90C2B74338D5}.NightlyDebug|Any CPU.Build.0 = Debug|Any CPU
		{34B9A0CE-DF18-4CBC-8F7A-90C2B74338D5}.NightlyRelease|Any CPU.ActiveCfg = Release|Any CPU
		{34B9A0CE-DF18-4CBC-8F7A-90C2B74338D5}.NightlyRelease|Any CPU.Build.0 = Release|Any CPU
		{34B9A0CE-DF18-4CBC-8F7A-90C2B74338D5}.Release|Any CPU.ActiveCfg = Release|Any CPU
		{34B9A0CE-DF18-4CBC-8F7A-90C2B74338D5}.Release|Any CPU.Build.0 = Release|Any CPU
		{A6A31B03-7C3D-4DE6-AA73-BE88116BC40A}.Debug|Any CPU.ActiveCfg = Debug|Any CPU
		{A6A31B03-7C3D-4DE6-AA73-BE88116BC40A}.Debug|Any CPU.Build.0 = Debug|Any CPU
		{A6A31B03-7C3D-4DE6-AA73-BE88116BC40A}.FastpathSim|Any CPU.ActiveCfg = Release|Any CPU
		{A6A31B03-7C3D-4DE6-AA73-BE88116BC40A}.FastpathSim|Any CPU.Build.0 = Release|Any CPU
		{A6A31B03-7C3D-4DE6-AA73-BE88116BC40A}.NightlyDebug|Any CPU.ActiveCfg = Debug|Any CPU
		{A6A31B03-7C3D-4DE6-AA73-BE88116BC40A}.NightlyDebug|Any CPU.Build.0 = Debug|Any CPU
		{A6A31B03-7C3D-4DE6-AA73-BE88116BC40A}.NightlyRelease|Any CPU.ActiveCfg = Release|Any CPU
		{A6A31B03-7C3D-4DE6-AA73-BE88116BC40A}.NightlyRelease|Any CPU.Build.0 = Release|Any CPU
		{A6A31B03-7C3D-4DE6-AA73-BE88116BC40A}.Release|Any CPU.ActiveCfg = Release|Any CPU
		{A6A31B03-7C3D-4DE6-AA73-BE88116BC40A}.Release|Any CPU.Build.0 = Release|Any CPU
		{6D83F687-ABB5-40B3-915E-CA53DA0EB7F3}.Debug|Any CPU.ActiveCfg = Debug|Any CPU
		{6D83F687-ABB5-40B3-915E-CA53DA0EB7F3}.Debug|Any CPU.Build.0 = Debug|Any CPU
		{6D83F687-ABB5-40B3-915E-CA53DA0EB7F3}.FastpathSim|Any CPU.ActiveCfg = Release|Any CPU
		{6D83F687-ABB5-40B3-915E-CA53DA0EB7F3}.FastpathSim|Any CPU.Build.0 = Release|Any CPU
		{6D83F687-ABB5-40B3-915E-CA53DA0EB7F3}.NightlyDebug|Any CPU.ActiveCfg = Debug|Any CPU
		{6D83F687-ABB5-40B3-915E-CA53DA0EB7F3}.NightlyDebug|Any CPU.Build.0 = Debug|Any CPU
		{6D83F687-ABB5-40B3-915E-CA53DA0EB7F3}.NightlyRelease|Any CPU.ActiveCfg = Release|Any CPU
		{6D83F687-ABB5-40B3-915E-CA53DA0EB7F3}.NightlyRelease|Any CPU.Build.0 = Release|Any CPU
		{6D83F687-ABB5-40B3-915E-CA53DA0EB7F3}.Release|Any CPU.ActiveCfg = Release|Any CPU
		{6D83F687-ABB5-40B3-915E-CA53DA0EB7F3}.Release|Any CPU.Build.0 = Release|Any CPU
		{4B0054FD-124A-4037-9965-BDB55E6BF389}.Debug|Any CPU.ActiveCfg = Debug|Any CPU
		{4B0054FD-124A-4037-9965-BDB55E6BF389}.Debug|Any CPU.Build.0 = Debug|Any CPU
		{4B0054FD-124A-4037-9965-BDB55E6BF389}.FastpathSim|Any CPU.ActiveCfg = CompilerOnly|Any CPU
		{4B0054FD-124A-4037-9965-BDB55E6BF389}.FastpathSim|Any CPU.Build.0 = CompilerOnly|Any CPU
		{4B0054FD-124A-4037-9965-BDB55E6BF389}.NightlyDebug|Any CPU.ActiveCfg = Debug|Any CPU
		{4B0054FD-124A-4037-9965-BDB55E6BF389}.NightlyDebug|Any CPU.Build.0 = Debug|Any CPU
		{4B0054FD-124A-4037-9965-BDB55E6BF389}.NightlyRelease|Any CPU.ActiveCfg = Release|Any CPU
		{4B0054FD-124A-4037-9965-BDB55E6BF389}.NightlyRelease|Any CPU.Build.0 = Release|Any CPU
		{4B0054FD-124A-4037-9965-BDB55E6BF389}.Release|Any CPU.ActiveCfg = Release|Any CPU
		{4B0054FD-124A-4037-9965-BDB55E6BF389}.Release|Any CPU.Build.0 = Release|Any CPU
		{304A8B0B-851B-4AA6-A17D-5F87F39C5E5C}.Debug|Any CPU.ActiveCfg = Debug|Any CPU
		{304A8B0B-851B-4AA6-A17D-5F87F39C5E5C}.Debug|Any CPU.Build.0 = Debug|Any CPU
		{304A8B0B-851B-4AA6-A17D-5F87F39C5E5C}.FastpathSim|Any CPU.ActiveCfg = Release|Any CPU
		{304A8B0B-851B-4AA6-A17D-5F87F39C5E5C}.FastpathSim|Any CPU.Build.0 = Release|Any CPU
		{304A8B0B-851B-4AA6-A17D-5F87F39C5E5C}.NightlyDebug|Any CPU.ActiveCfg = Debug|Any CPU
		{304A8B0B-851B-4AA6-A17D-5F87F39C5E5C}.NightlyDebug|Any CPU.Build.0 = Debug|Any CPU
		{304A8B0B-851B-4AA6-A17D-5F87F39C5E5C}.NightlyRelease|Any CPU.ActiveCfg = Release|Any CPU
		{304A8B0B-851B-4AA6-A17D-5F87F39C5E5C}.NightlyRelease|Any CPU.Build.0 = Release|Any CPU
		{304A8B0B-851B-4AA6-A17D-5F87F39C5E5C}.Release|Any CPU.ActiveCfg = Release|Any CPU
		{304A8B0B-851B-4AA6-A17D-5F87F39C5E5C}.Release|Any CPU.Build.0 = Release|Any CPU
		{08156C78-403A-4112-AD81-8646AC51CD2F}.Debug|Any CPU.ActiveCfg = Debug|Any CPU
		{08156C78-403A-4112-AD81-8646AC51CD2F}.Debug|Any CPU.Build.0 = Debug|Any CPU
		{08156C78-403A-4112-AD81-8646AC51CD2F}.FastpathSim|Any CPU.ActiveCfg = CompilerOnly|Any CPU
		{08156C78-403A-4112-AD81-8646AC51CD2F}.FastpathSim|Any CPU.Build.0 = CompilerOnly|Any CPU
		{08156C78-403A-4112-AD81-8646AC51CD2F}.NightlyDebug|Any CPU.ActiveCfg = Debug|Any CPU
		{08156C78-403A-4112-AD81-8646AC51CD2F}.NightlyDebug|Any CPU.Build.0 = Debug|Any CPU
		{08156C78-403A-4112-AD81-8646AC51CD2F}.NightlyRelease|Any CPU.ActiveCfg = Release|Any CPU
		{08156C78-403A-4112-AD81-8646AC51CD2F}.NightlyRelease|Any CPU.Build.0 = Release|Any CPU
		{08156C78-403A-4112-AD81-8646AC51CD2F}.Release|Any CPU.ActiveCfg = Release|Any CPU
		{08156C78-403A-4112-AD81-8646AC51CD2F}.Release|Any CPU.Build.0 = Release|Any CPU
		{319E150C-8F33-49E7-81CA-30F02F9BA90A}.Debug|Any CPU.ActiveCfg = Debug|Any CPU
		{319E150C-8F33-49E7-81CA-30F02F9BA90A}.Debug|Any CPU.Build.0 = Debug|Any CPU
		{319E150C-8F33-49E7-81CA-30F02F9BA90A}.FastpathSim|Any CPU.ActiveCfg = CompilerOnly|Any CPU
		{319E150C-8F33-49E7-81CA-30F02F9BA90A}.FastpathSim|Any CPU.Build.0 = CompilerOnly|Any CPU
		{319E150C-8F33-49E7-81CA-30F02F9BA90A}.NightlyDebug|Any CPU.ActiveCfg = NightlyDebug|Any CPU
		{319E150C-8F33-49E7-81CA-30F02F9BA90A}.NightlyDebug|Any CPU.Build.0 = NightlyDebug|Any CPU
		{319E150C-8F33-49E7-81CA-30F02F9BA90A}.NightlyRelease|Any CPU.ActiveCfg = NightlyRelease|Any CPU
		{319E150C-8F33-49E7-81CA-30F02F9BA90A}.NightlyRelease|Any CPU.Build.0 = NightlyRelease|Any CPU
		{319E150C-8F33-49E7-81CA-30F02F9BA90A}.Release|Any CPU.ActiveCfg = Release|Any CPU
		{319E150C-8F33-49E7-81CA-30F02F9BA90A}.Release|Any CPU.Build.0 = Release|Any CPU
		{71B89CE8-CD33-4BC1-A411-4002D367F38D}.Debug|Any CPU.ActiveCfg = Debug|Any CPU
		{71B89CE8-CD33-4BC1-A411-4002D367F38D}.Debug|Any CPU.Build.0 = Debug|Any CPU
		{71B89CE8-CD33-4BC1-A411-4002D367F38D}.FastpathSim|Any CPU.ActiveCfg = Release|Any CPU
		{71B89CE8-CD33-4BC1-A411-4002D367F38D}.FastpathSim|Any CPU.Build.0 = Release|Any CPU
		{71B89CE8-CD33-4BC1-A411-4002D367F38D}.NightlyDebug|Any CPU.ActiveCfg = Debug|Any CPU
		{71B89CE8-CD33-4BC1-A411-4002D367F38D}.NightlyDebug|Any CPU.Build.0 = Debug|Any CPU
		{71B89CE8-CD33-4BC1-A411-4002D367F38D}.NightlyRelease|Any CPU.ActiveCfg = Release|Any CPU
		{71B89CE8-CD33-4BC1-A411-4002D367F38D}.NightlyRelease|Any CPU.Build.0 = Release|Any CPU
		{71B89CE8-CD33-4BC1-A411-4002D367F38D}.Release|Any CPU.ActiveCfg = Release|Any CPU
		{71B89CE8-CD33-4BC1-A411-4002D367F38D}.Release|Any CPU.Build.0 = Release|Any CPU
		{47D44A88-A9EE-46E9-8781-5B42A503A493}.Debug|Any CPU.ActiveCfg = Debug|Any CPU
		{47D44A88-A9EE-46E9-8781-5B42A503A493}.Debug|Any CPU.Build.0 = Debug|Any CPU
		{47D44A88-A9EE-46E9-8781-5B42A503A493}.FastpathSim|Any CPU.ActiveCfg = Release|Any CPU
		{47D44A88-A9EE-46E9-8781-5B42A503A493}.FastpathSim|Any CPU.Build.0 = Release|Any CPU
		{47D44A88-A9EE-46E9-8781-5B42A503A493}.NightlyDebug|Any CPU.ActiveCfg = Debug|Any CPU
		{47D44A88-A9EE-46E9-8781-5B42A503A493}.NightlyDebug|Any CPU.Build.0 = Debug|Any CPU
		{47D44A88-A9EE-46E9-8781-5B42A503A493}.NightlyRelease|Any CPU.ActiveCfg = Release|Any CPU
		{47D44A88-A9EE-46E9-8781-5B42A503A493}.NightlyRelease|Any CPU.Build.0 = Release|Any CPU
		{47D44A88-A9EE-46E9-8781-5B42A503A493}.Release|Any CPU.ActiveCfg = Release|Any CPU
		{47D44A88-A9EE-46E9-8781-5B42A503A493}.Release|Any CPU.Build.0 = Release|Any CPU
		{71B89CE8-CD33-4BC1-A411-4002D377F38D}.Debug|Any CPU.ActiveCfg = Debug|Any CPU
		{71B89CE8-CD33-4BC1-A411-4002D377F38D}.Debug|Any CPU.Build.0 = Debug|Any CPU
		{71B89CE8-CD33-4BC1-A411-4002D377F38D}.FastpathSim|Any CPU.ActiveCfg = Release|Any CPU
		{71B89CE8-CD33-4BC1-A411-4002D377F38D}.FastpathSim|Any CPU.Build.0 = Release|Any CPU
		{71B89CE8-CD33-4BC1-A411-4002D377F38D}.NightlyDebug|Any CPU.ActiveCfg = Debug|Any CPU
		{71B89CE8-CD33-4BC1-A411-4002D377F38D}.NightlyDebug|Any CPU.Build.0 = Debug|Any CPU
		{71B89CE8-CD33-4BC1-A411-4002D377F38D}.NightlyRelease|Any CPU.ActiveCfg = Release|Any CPU
		{71B89CE8-CD33-4BC1-A411-4002D377F38D}.NightlyRelease|Any CPU.Build.0 = Release|Any CPU
		{71B89CE8-CD33-4BC1-A411-4002D377F38D}.Release|Any CPU.ActiveCfg = Release|Any CPU
		{71B89CE8-CD33-4BC1-A411-4002D377F38D}.Release|Any CPU.Build.0 = Release|Any CPU
		{A6BABD10-C384-4F9F-93D7-99B935A41719}.Debug|Any CPU.ActiveCfg = Debug|Any CPU
		{A6BABD10-C384-4F9F-93D7-99B935A41719}.Debug|Any CPU.Build.0 = Debug|Any CPU
		{A6BABD10-C384-4F9F-93D7-99B935A41719}.FastpathSim|Any CPU.ActiveCfg = Release|Any CPU
		{A6BABD10-C384-4F9F-93D7-99B935A41719}.FastpathSim|Any CPU.Build.0 = Release|Any CPU
		{A6BABD10-C384-4F9F-93D7-99B935A41719}.NightlyDebug|Any CPU.ActiveCfg = Debug|Any CPU
		{A6BABD10-C384-4F9F-93D7-99B935A41719}.NightlyDebug|Any CPU.Build.0 = Debug|Any CPU
		{A6BABD10-C384-4F9F-93D7-99B935A41719}.NightlyRelease|Any CPU.ActiveCfg = Release|Any CPU
		{A6BABD10-C384-4F9F-93D7-99B935A41719}.NightlyRelease|Any CPU.Build.0 = Release|Any CPU
		{A6BABD10-C384-4F9F-93D7-99B935A41719}.Release|Any CPU.ActiveCfg = Release|Any CPU
		{A6BABD10-C384-4F9F-93D7-99B935A41719}.Release|Any CPU.Build.0 = Release|Any CPU
		{47D44A88-A9EE-46E9-8780-5B42A503A493}.Debug|Any CPU.ActiveCfg = Debug|Any CPU
		{47D44A88-A9EE-46E9-8780-5B42A503A493}.Debug|Any CPU.Build.0 = Debug|Any CPU
		{47D44A88-A9EE-46E9-8780-5B42A503A493}.FastpathSim|Any CPU.ActiveCfg = Release|Any CPU
		{47D44A88-A9EE-46E9-8780-5B42A503A493}.FastpathSim|Any CPU.Build.0 = Release|Any CPU
		{47D44A88-A9EE-46E9-8780-5B42A503A493}.NightlyDebug|Any CPU.ActiveCfg = Debug|Any CPU
		{47D44A88-A9EE-46E9-8780-5B42A503A493}.NightlyDebug|Any CPU.Build.0 = Debug|Any CPU
		{47D44A88-A9EE-46E9-8780-5B42A503A493}.NightlyRelease|Any CPU.ActiveCfg = Release|Any CPU
		{47D44A88-A9EE-46E9-8780-5B42A503A493}.NightlyRelease|Any CPU.Build.0 = Release|Any CPU
		{47D44A88-A9EE-46E9-8780-5B42A503A493}.Release|Any CPU.ActiveCfg = Release|Any CPU
		{47D44A88-A9EE-46E9-8780-5B42A503A493}.Release|Any CPU.Build.0 = Release|Any CPU
		{00E3C2BD-5642-4AAC-B125-6B33BE8BB9A9}.Debug|Any CPU.ActiveCfg = Debug|Any CPU
		{00E3C2BD-5642-4AAC-B125-6B33BE8BB9A9}.Debug|Any CPU.Build.0 = Debug|Any CPU
		{00E3C2BD-5642-4AAC-B125-6B33BE8BB9A9}.FastpathSim|Any CPU.ActiveCfg = Release|Any CPU
		{00E3C2BD-5642-4AAC-B125-6B33BE8BB9A9}.FastpathSim|Any CPU.Build.0 = Release|Any CPU
		{00E3C2BD-5642-4AAC-B125-6B33BE8BB9A9}.NightlyDebug|Any CPU.ActiveCfg = Debug|Any CPU
		{00E3C2BD-5642-4AAC-B125-6B33BE8BB9A9}.NightlyDebug|Any CPU.Build.0 = Debug|Any CPU
		{00E3C2BD-5642-4AAC-B125-6B33BE8BB9A9}.NightlyRelease|Any CPU.ActiveCfg = Release|Any CPU
		{00E3C2BD-5642-4AAC-B125-6B33BE8BB9A9}.NightlyRelease|Any CPU.Build.0 = Release|Any CPU
		{00E3C2BD-5642-4AAC-B125-6B33BE8BB9A9}.Release|Any CPU.ActiveCfg = Release|Any CPU
		{00E3C2BD-5642-4AAC-B125-6B33BE8BB9A9}.Release|Any CPU.Build.0 = Release|Any CPU
		{DA095D70-B99F-4703-BCDF-A1E133DF685D}.Debug|Any CPU.ActiveCfg = Debug|Any CPU
		{DA095D70-B99F-4703-BCDF-A1E133DF685D}.Debug|Any CPU.Build.0 = Debug|Any CPU
		{DA095D70-B99F-4703-BCDF-A1E133DF685D}.FastpathSim|Any CPU.ActiveCfg = Release|Any CPU
		{DA095D70-B99F-4703-BCDF-A1E133DF685D}.FastpathSim|Any CPU.Build.0 = Release|Any CPU
		{DA095D70-B99F-4703-BCDF-A1E133DF685D}.NightlyDebug|Any CPU.ActiveCfg = Debug|Any CPU
		{DA095D70-B99F-4703-BCDF-A1E133DF685D}.NightlyDebug|Any CPU.Build.0 = Debug|Any CPU
		{DA095D70-B99F-4703-BCDF-A1E133DF685D}.NightlyRelease|Any CPU.ActiveCfg = Release|Any CPU
		{DA095D70-B99F-4703-BCDF-A1E133DF685D}.NightlyRelease|Any CPU.Build.0 = Release|Any CPU
		{DA095D70-B99F-4703-BCDF-A1E133DF685D}.Release|Any CPU.ActiveCfg = Release|Any CPU
		{DA095D70-B99F-4703-BCDF-A1E133DF685D}.Release|Any CPU.Build.0 = Release|Any CPU
		{DA095D70-B99F-4704-BCDF-A1E133DF685D}.Debug|Any CPU.ActiveCfg = Debug|Any CPU
		{DA095D70-B99F-4704-BCDF-A1E133DF685D}.Debug|Any CPU.Build.0 = Debug|Any CPU
		{DA095D70-B99F-4704-BCDF-A1E133DF685D}.FastpathSim|Any CPU.ActiveCfg = Release|Any CPU
		{DA095D70-B99F-4704-BCDF-A1E133DF685D}.FastpathSim|Any CPU.Build.0 = Release|Any CPU
		{DA095D70-B99F-4704-BCDF-A1E133DF685D}.NightlyDebug|Any CPU.ActiveCfg = Debug|Any CPU
		{DA095D70-B99F-4704-BCDF-A1E133DF685D}.NightlyDebug|Any CPU.Build.0 = Debug|Any CPU
		{DA095D70-B99F-4704-BCDF-A1E133DF685D}.NightlyRelease|Any CPU.ActiveCfg = Release|Any CPU
		{DA095D70-B99F-4704-BCDF-A1E133DF685D}.NightlyRelease|Any CPU.Build.0 = Release|Any CPU
		{DA095D70-B99F-4704-BCDF-A1E133DF685D}.Release|Any CPU.ActiveCfg = Release|Any CPU
		{DA095D70-B99F-4704-BCDF-A1E133DF685D}.Release|Any CPU.Build.0 = Release|Any CPU
		{94D7F17B-2FFB-4944-9160-602E8F68EBB1}.Debug|Any CPU.ActiveCfg = Debug|Any CPU
		{94D7F17B-2FFB-4944-9160-602E8F68EBB1}.Debug|Any CPU.Build.0 = Debug|Any CPU
		{94D7F17B-2FFB-4944-9160-602E8F68EBB1}.FastpathSim|Any CPU.ActiveCfg = Release|Any CPU
		{94D7F17B-2FFB-4944-9160-602E8F68EBB1}.FastpathSim|Any CPU.Build.0 = Release|Any CPU
		{94D7F17B-2FFB-4944-9160-602E8F68EBB1}.NightlyDebug|Any CPU.ActiveCfg = Debug|Any CPU
		{94D7F17B-2FFB-4944-9160-602E8F68EBB1}.NightlyDebug|Any CPU.Build.0 = Debug|Any CPU
		{94D7F17B-2FFB-4944-9160-602E8F68EBB1}.NightlyRelease|Any CPU.ActiveCfg = Release|Any CPU
		{94D7F17B-2FFB-4944-9160-602E8F68EBB1}.NightlyRelease|Any CPU.Build.0 = Release|Any CPU
		{94D7F17B-2FFB-4944-9160-602E8F68EBB1}.Release|Any CPU.ActiveCfg = Release|Any CPU
		{94D7F17B-2FFB-4944-9160-602E8F68EBB1}.Release|Any CPU.Build.0 = Release|Any CPU
		{ADD09DE8-1D22-4DF6-8C35-F91C1FCD3236}.Debug|Any CPU.ActiveCfg = Debug|Any CPU
		{ADD09DE8-1D22-4DF6-8C35-F91C1FCD3236}.Debug|Any CPU.Build.0 = Debug|Any CPU
		{ADD09DE8-1D22-4DF6-8C35-F91C1FCD3236}.FastpathSim|Any CPU.ActiveCfg = Release|Any CPU
		{ADD09DE8-1D22-4DF6-8C35-F91C1FCD3236}.FastpathSim|Any CPU.Build.0 = Release|Any CPU
		{ADD09DE8-1D22-4DF6-8C35-F91C1FCD3236}.NightlyDebug|Any CPU.ActiveCfg = Debug|Any CPU
		{ADD09DE8-1D22-4DF6-8C35-F91C1FCD3236}.NightlyDebug|Any CPU.Build.0 = Debug|Any CPU
		{ADD09DE8-1D22-4DF6-8C35-F91C1FCD3236}.NightlyRelease|Any CPU.ActiveCfg = Release|Any CPU
		{ADD09DE8-1D22-4DF6-8C35-F91C1FCD3236}.NightlyRelease|Any CPU.Build.0 = Release|Any CPU
		{ADD09DE8-1D22-4DF6-8C35-F91C1FCD3236}.Release|Any CPU.ActiveCfg = Release|Any CPU
		{ADD09DE8-1D22-4DF6-8C35-F91C1FCD3236}.Release|Any CPU.Build.0 = Release|Any CPU
		{0703D916-A881-45E6-A5CD-6BC50E2E30E2}.Debug|Any CPU.ActiveCfg = Debug|Any CPU
		{0703D916-A881-45E6-A5CD-6BC50E2E30E2}.Debug|Any CPU.Build.0 = Debug|Any CPU
		{0703D916-A881-45E6-A5CD-6BC50E2E30E2}.FastpathSim|Any CPU.ActiveCfg = Release|Any CPU
		{0703D916-A881-45E6-A5CD-6BC50E2E30E2}.FastpathSim|Any CPU.Build.0 = Release|Any CPU
		{0703D916-A881-45E6-A5CD-6BC50E2E30E2}.NightlyDebug|Any CPU.ActiveCfg = Debug|Any CPU
		{0703D916-A881-45E6-A5CD-6BC50E2E30E2}.NightlyDebug|Any CPU.Build.0 = Debug|Any CPU
		{0703D916-A881-45E6-A5CD-6BC50E2E30E2}.NightlyRelease|Any CPU.ActiveCfg = Release|Any CPU
		{0703D916-A881-45E6-A5CD-6BC50E2E30E2}.NightlyRelease|Any CPU.Build.0 = Release|Any CPU
		{0703D916-A881-45E6-A5CD-6BC50E2E30E2}.Release|Any CPU.ActiveCfg = Release|Any CPU
		{0703D916-A881-45E6-A5CD-6BC50E2E30E2}.Release|Any CPU.Build.0 = Release|Any CPU
		{B114E5FF-F2A2-4BE7-8AF1-936FC87030F0}.Debug|Any CPU.ActiveCfg = Debug|Any CPU
		{B114E5FF-F2A2-4BE7-8AF1-936FC87030F0}.Debug|Any CPU.Build.0 = Debug|Any CPU
		{B114E5FF-F2A2-4BE7-8AF1-936FC87030F0}.FastpathSim|Any CPU.ActiveCfg = FastpathSim|Any CPU
		{B114E5FF-F2A2-4BE7-8AF1-936FC87030F0}.FastpathSim|Any CPU.Build.0 = FastpathSim|Any CPU
		{B114E5FF-F2A2-4BE7-8AF1-936FC87030F0}.NightlyDebug|Any CPU.ActiveCfg = Debug|Any CPU
		{B114E5FF-F2A2-4BE7-8AF1-936FC87030F0}.NightlyDebug|Any CPU.Build.0 = Debug|Any CPU
		{B114E5FF-F2A2-4BE7-8AF1-936FC87030F0}.NightlyRelease|Any CPU.ActiveCfg = Release|Any CPU
		{B114E5FF-F2A2-4BE7-8AF1-936FC87030F0}.NightlyRelease|Any CPU.Build.0 = Release|Any CPU
		{B114E5FF-F2A2-4BE7-8AF1-936FC87030F0}.Release|Any CPU.ActiveCfg = Release|Any CPU
		{B114E5FF-F2A2-4BE7-8AF1-936FC87030F0}.Release|Any CPU.Build.0 = Release|Any CPU
	EndGlobalSection
	GlobalSection(SolutionProperties) = preSolution
		HideSolutionNode = FALSE
	EndGlobalSection
	GlobalSection(NestedProjects) = preSolution
		{98966A5A-CCE7-4E94-B6D9-34B1B45A19B9} = {54C22B9F-7DD4-44F0-9B36-449DCD40C6CC}
		{965AF57D-DCE4-4112-BDC5-64CD63ACA88C} = {54C22B9F-7DD4-44F0-9B36-449DCD40C6CC}
		{A9103DDA-3A93-441A-8326-6EB20518C251} = {54C22B9F-7DD4-44F0-9B36-449DCD40C6CC}
		{71B89CE8-CD33-4BC1-A411-4002D377F38D} = {54C22B9F-7DD4-44F0-9B36-449DCD40C6CC}
		{94D7F17B-2FFB-4944-9160-602E8F68EBB1} = {54C22B9F-7DD4-44F0-9B36-449DCD40C6CC}
		{DDB020B7-6B28-40E8-B3D6-FD998EBDD552} = {F7A60C29-D16A-457E-A554-AC1078718BBC}
		{47D44A88-A9EE-46E9-8781-5B42A503A493} = {F7A60C29-D16A-457E-A554-AC1078718BBC}
		{DA095D70-B99F-4703-BCDF-A1E133DF685D} = {F7A60C29-D16A-457E-A554-AC1078718BBC}
		{DA095D70-B99F-4704-BCDF-A1E133DF685D} = {F7A60C29-D16A-457E-A554-AC1078718BBC}
		{ADD09DE8-1D22-4DF6-8C35-F91C1FCD3236} = {F7A60C29-D16A-457E-A554-AC1078718BBC}
		{5795EBEE-7F94-4E25-B9C9-4E0238514B1B} = {1B359551-AFB6-4EE2-A779-2F2071CCB451}
		{33CAB640-0D03-43DF-81BD-22CDC6C0A597} = {1B359551-AFB6-4EE2-A779-2F2071CCB451}
		{4A34A3C5-6176-49D7-A4C5-B2B671247F8F} = {1B359551-AFB6-4EE2-A779-2F2071CCB451}
		{319E151C-8F33-49E7-81C9-30F02F9BA90A} = {1B359551-AFB6-4EE2-A779-2F2071CCB451}
		{34B9A0CE-DF18-4CBC-8F7A-90C2B74338D5} = {1B359551-AFB6-4EE2-A779-2F2071CCB451}
		{A6A31B03-7C3D-4DE6-AA73-BE88116BC40A} = {1B359551-AFB6-4EE2-A779-2F2071CCB451}
		{6D83F687-ABB5-40B3-915E-CA53DA0EB7F3} = {1B359551-AFB6-4EE2-A779-2F2071CCB451}
		{4B0054FD-124A-4037-9965-BDB55E6BF389} = {1B359551-AFB6-4EE2-A779-2F2071CCB451}
		{304A8B0B-851B-4AA6-A17D-5F87F39C5E5C} = {1B359551-AFB6-4EE2-A779-2F2071CCB451}
		{08156C78-403A-4112-AD81-8646AC51CD2F} = {1B359551-AFB6-4EE2-A779-2F2071CCB451}
		{B114E5FF-F2A2-4BE7-8AF1-936FC87030F0} = {1B359551-AFB6-4EE2-A779-2F2071CCB451}
		{71B89CE8-CD33-4BC1-A411-4002D367F38D} = {5795EBEE-7F94-4E25-B9C9-4E0238514B1B}
		{A6BABD10-C384-4F9F-93D7-99B935A41719} = {5795EBEE-7F94-4E25-B9C9-4E0238514B1B}
		{47D44A88-A9EE-46E9-8780-5B42A503A493} = {5795EBEE-7F94-4E25-B9C9-4E0238514B1B}
		{00E3C2BD-5642-4AAC-B125-6B33BE8BB9A9} = {C89F78BA-178F-4747-B78A-EC7567619FA2}
	EndGlobalSection
EndGlobal
