
Microsoft Visual Studio Solution File, Format Version 10.00
# Visual Studio 2008
Project("{FAE04EC0-301F-11D3-BF4B-00C04F79EFBC}") = "MetadataModel", "Sources\MetadataModel\MetadataModel.csproj", "{33CAB640-0D03-43DF-81BD-22CDC6C0A597}"
EndProject
Project("{FAE04EC0-301F-11D3-BF4B-00C04F79EFBC}") = "MutableMetadataModel", "Sources\MutableMetadataModel\MutableMetadataModel.csproj", "{319E151C-8F33-49E7-81C9-30F02F9BA90A}"
EndProject
Project("{FAE04EC0-301F-11D3-BF4B-00C04F79EFBC}") = "SourceModel", "Sources\SourceModel\SourceModel.csproj", "{4B0054FD-124A-4037-9965-BDB55E6BF389}"
EndProject
Project("{FAE04EC0-301F-11D3-BF4B-00C04F79EFBC}") = "MetadataHelper", "Sources\MetadataHelper\MetadataHelper.csproj", "{4A34A3C5-6176-49D7-A4C5-B2B671247F8F}"
EndProject
Project("{FAE04EC0-301F-11D3-BF4B-00C04F79EFBC}") = "ILGenerator", "Sources\ILGenerator\ILGenerator.csproj", "{08156C78-403A-4112-AD81-8646AC51CD2F}"
EndProject
Project("{FAE04EC0-301F-11D3-BF4B-00C04F79EFBC}") = "PdbReader", "Sources\PdbReader\PdbReader.csproj", "{A6A31B03-7C3D-4DE6-AA73-BE88116BC40A}"
EndProject
Project("{FAE04EC0-301F-11D3-BF4B-00C04F79EFBC}") = "PdbWriter", "Sources\PdbWriter\PdbWriter.csproj", "{6D83F687-ABB5-40B3-915E-CA53DA0EB7F3}"
EndProject
Project("{FAE04EC0-301F-11D3-BF4B-00C04F79EFBC}") = "PeWriter", "Sources\PeWriter\PeWriter.csproj", "{304A8B0B-851B-4AA6-A17D-5F87F39C5E5C}"
EndProject
Project("{FAE04EC0-301F-11D3-BF4B-00C04F79EFBC}") = "PeToPe", "Samples\PeToPe\PeToPe.csproj", "{47D44A88-A9EE-46E9-8780-5B42A503A493}"
EndProject
Project("{2150E333-8FDC-42A3-9474-1A3956D46DE8}") = "Samples", "Samples", "{26711007-2037-41A8-834A-890A44BCA53F}"
EndProject
Project("{FAE04EC0-301F-11D3-BF4B-00C04F79EFBC}") = "PeReader", "Sources\PeReader\PeReader.csproj", "{34B9A0CE-DF18-4CBC-8F7A-90C2B74338D5}"
EndProject
Project("{FAE04EC0-301F-11D3-BF4B-00C04F79EFBC}") = "Splitter", "Samples\Splitter\Splitter.csproj", "{E168C358-7A36-4CC0-9E46-76ED0883D229}"
EndProject
Project("{2150E333-8FDC-42A3-9474-1A3956D46DE8}") = "Tests", "Tests", "{9CA09159-EA0B-4970-BB23-5ED6DACEAE69}"
EndProject
Project("{FAE04EC0-301F-11D3-BF4B-00C04F79EFBC}") = "PEReaderTests", "Tests\PEReaderTests\PEReaderTests.csproj", "{A6BABD10-C384-4F9F-93D7-99B935A41719}"
EndProject
Project("{FAE04EC0-301F-11D3-BF4B-00C04F79EFBC}") = "RoundtripTests", "Tests\RoundtripTests\RoundtripTests.csproj", "{71B89CE8-CD33-4BC1-A411-4002D367F38D}"
EndProject
Global
	GlobalSection(TeamFoundationVersionControl) = preSolution
		SccNumberOfProjects = 1
		SccEnterpriseProvider = {4CA58AB2-18FA-4F8D-95D4-32DDF27D184C}
		SccTeamFoundationServer = https://tfs10.codeplex.com/
		SccProjectUniqueName0 = Tests\\RoundtripTests\\RoundtripTests.csproj
		SccProjectTopLevelParentUniqueName0 = Metadata.sln
		SccProjectName0 = Tests/RoundtripTests
		SccAuxPath0 = https://tfs10.codeplex.com
		SccLocalPath0 = Tests\\RoundtripTests
		SccProvider0 = {4CA58AB2-18FA-4F8D-95D4-32DDF27D184C}
	EndGlobalSection
	GlobalSection(SolutionConfigurationPlatforms) = preSolution
		Debug|Any CPU = Debug|Any CPU
		NightlyDebug|Any CPU = NightlyDebug|Any CPU
		NightlyRelease|Any CPU = NightlyRelease|Any CPU
		Release|Any CPU = Release|Any CPU
	EndGlobalSection
	GlobalSection(ProjectConfigurationPlatforms) = postSolution
		{33CAB640-0D03-43DF-81BD-22CDC6C0A597}.Debug|Any CPU.ActiveCfg = Debug|Any CPU
		{33CAB640-0D03-43DF-81BD-22CDC6C0A597}.Debug|Any CPU.Build.0 = Debug|Any CPU
		{33CAB640-0D03-43DF-81BD-22CDC6C0A597}.NightlyDebug|Any CPU.ActiveCfg = NightlyDebug|Any CPU
		{33CAB640-0D03-43DF-81BD-22CDC6C0A597}.NightlyDebug|Any CPU.Build.0 = NightlyDebug|Any CPU
		{33CAB640-0D03-43DF-81BD-22CDC6C0A597}.NightlyRelease|Any CPU.ActiveCfg = NightlyRelease|Any CPU
		{33CAB640-0D03-43DF-81BD-22CDC6C0A597}.NightlyRelease|Any CPU.Build.0 = NightlyRelease|Any CPU
		{33CAB640-0D03-43DF-81BD-22CDC6C0A597}.Release|Any CPU.ActiveCfg = Release|Any CPU
		{33CAB640-0D03-43DF-81BD-22CDC6C0A597}.Release|Any CPU.Build.0 = Release|Any CPU
		{319E151C-8F33-49E7-81C9-30F02F9BA90A}.Debug|Any CPU.ActiveCfg = Debug|Any CPU
		{319E151C-8F33-49E7-81C9-30F02F9BA90A}.Debug|Any CPU.Build.0 = Debug|Any CPU
		{319E151C-8F33-49E7-81C9-30F02F9BA90A}.NightlyDebug|Any CPU.ActiveCfg = NightlyDebug|Any CPU
		{319E151C-8F33-49E7-81C9-30F02F9BA90A}.NightlyDebug|Any CPU.Build.0 = NightlyDebug|Any CPU
		{319E151C-8F33-49E7-81C9-30F02F9BA90A}.NightlyRelease|Any CPU.ActiveCfg = NightlyRelease|Any CPU
		{319E151C-8F33-49E7-81C9-30F02F9BA90A}.NightlyRelease|Any CPU.Build.0 = NightlyRelease|Any CPU
		{319E151C-8F33-49E7-81C9-30F02F9BA90A}.Release|Any CPU.ActiveCfg = Release|Any CPU
		{319E151C-8F33-49E7-81C9-30F02F9BA90A}.Release|Any CPU.Build.0 = Release|Any CPU
		{4B0054FD-124A-4037-9965-BDB55E6BF389}.Debug|Any CPU.ActiveCfg = Debug|Any CPU
		{4B0054FD-124A-4037-9965-BDB55E6BF389}.Debug|Any CPU.Build.0 = Debug|Any CPU
		{4B0054FD-124A-4037-9965-BDB55E6BF389}.NightlyDebug|Any CPU.ActiveCfg = Debug|Any CPU
		{4B0054FD-124A-4037-9965-BDB55E6BF389}.NightlyDebug|Any CPU.Build.0 = Debug|Any CPU
		{4B0054FD-124A-4037-9965-BDB55E6BF389}.NightlyRelease|Any CPU.ActiveCfg = Release|Any CPU
		{4B0054FD-124A-4037-9965-BDB55E6BF389}.NightlyRelease|Any CPU.Build.0 = Release|Any CPU
		{4B0054FD-124A-4037-9965-BDB55E6BF389}.Release|Any CPU.ActiveCfg = Release|Any CPU
		{4B0054FD-124A-4037-9965-BDB55E6BF389}.Release|Any CPU.Build.0 = Release|Any CPU
		{4A34A3C5-6176-49D7-A4C5-B2B671247F8F}.Debug|Any CPU.ActiveCfg = Debug|Any CPU
		{4A34A3C5-6176-49D7-A4C5-B2B671247F8F}.Debug|Any CPU.Build.0 = Debug|Any CPU
		{4A34A3C5-6176-49D7-A4C5-B2B671247F8F}.NightlyDebug|Any CPU.ActiveCfg = NightlyDebug|Any CPU
		{4A34A3C5-6176-49D7-A4C5-B2B671247F8F}.NightlyDebug|Any CPU.Build.0 = NightlyDebug|Any CPU
		{4A34A3C5-6176-49D7-A4C5-B2B671247F8F}.NightlyRelease|Any CPU.ActiveCfg = NightlyRelease|Any CPU
		{4A34A3C5-6176-49D7-A4C5-B2B671247F8F}.NightlyRelease|Any CPU.Build.0 = NightlyRelease|Any CPU
		{4A34A3C5-6176-49D7-A4C5-B2B671247F8F}.Release|Any CPU.ActiveCfg = Release|Any CPU
		{4A34A3C5-6176-49D7-A4C5-B2B671247F8F}.Release|Any CPU.Build.0 = Release|Any CPU
		{08156C78-403A-4112-AD81-8646AC51CD2F}.Debug|Any CPU.ActiveCfg = Debug|Any CPU
		{08156C78-403A-4112-AD81-8646AC51CD2F}.Debug|Any CPU.Build.0 = Debug|Any CPU
		{08156C78-403A-4112-AD81-8646AC51CD2F}.NightlyDebug|Any CPU.ActiveCfg = Debug|Any CPU
		{08156C78-403A-4112-AD81-8646AC51CD2F}.NightlyDebug|Any CPU.Build.0 = Debug|Any CPU
		{08156C78-403A-4112-AD81-8646AC51CD2F}.NightlyRelease|Any CPU.ActiveCfg = Release|Any CPU
		{08156C78-403A-4112-AD81-8646AC51CD2F}.NightlyRelease|Any CPU.Build.0 = Release|Any CPU
		{08156C78-403A-4112-AD81-8646AC51CD2F}.Release|Any CPU.ActiveCfg = Release|Any CPU
		{08156C78-403A-4112-AD81-8646AC51CD2F}.Release|Any CPU.Build.0 = Release|Any CPU
		{A6A31B03-7C3D-4DE6-AA73-BE88116BC40A}.Debug|Any CPU.ActiveCfg = Debug|Any CPU
		{A6A31B03-7C3D-4DE6-AA73-BE88116BC40A}.Debug|Any CPU.Build.0 = Debug|Any CPU
		{A6A31B03-7C3D-4DE6-AA73-BE88116BC40A}.NightlyDebug|Any CPU.ActiveCfg = Debug|Any CPU
		{A6A31B03-7C3D-4DE6-AA73-BE88116BC40A}.NightlyDebug|Any CPU.Build.0 = Debug|Any CPU
		{A6A31B03-7C3D-4DE6-AA73-BE88116BC40A}.NightlyRelease|Any CPU.ActiveCfg = Release|Any CPU
		{A6A31B03-7C3D-4DE6-AA73-BE88116BC40A}.NightlyRelease|Any CPU.Build.0 = Release|Any CPU
		{A6A31B03-7C3D-4DE6-AA73-BE88116BC40A}.Release|Any CPU.ActiveCfg = Release|Any CPU
		{A6A31B03-7C3D-4DE6-AA73-BE88116BC40A}.Release|Any CPU.Build.0 = Release|Any CPU
		{6D83F687-ABB5-40B3-915E-CA53DA0EB7F3}.Debug|Any CPU.ActiveCfg = Debug|Any CPU
		{6D83F687-ABB5-40B3-915E-CA53DA0EB7F3}.Debug|Any CPU.Build.0 = Debug|Any CPU
		{6D83F687-ABB5-40B3-915E-CA53DA0EB7F3}.NightlyDebug|Any CPU.ActiveCfg = Debug|Any CPU
		{6D83F687-ABB5-40B3-915E-CA53DA0EB7F3}.NightlyDebug|Any CPU.Build.0 = Debug|Any CPU
		{6D83F687-ABB5-40B3-915E-CA53DA0EB7F3}.NightlyRelease|Any CPU.ActiveCfg = Release|Any CPU
		{6D83F687-ABB5-40B3-915E-CA53DA0EB7F3}.NightlyRelease|Any CPU.Build.0 = Release|Any CPU
		{6D83F687-ABB5-40B3-915E-CA53DA0EB7F3}.Release|Any CPU.ActiveCfg = Release|Any CPU
		{6D83F687-ABB5-40B3-915E-CA53DA0EB7F3}.Release|Any CPU.Build.0 = Release|Any CPU
		{304A8B0B-851B-4AA6-A17D-5F87F39C5E5C}.Debug|Any CPU.ActiveCfg = Debug|Any CPU
		{304A8B0B-851B-4AA6-A17D-5F87F39C5E5C}.Debug|Any CPU.Build.0 = Debug|Any CPU
		{304A8B0B-851B-4AA6-A17D-5F87F39C5E5C}.NightlyDebug|Any CPU.ActiveCfg = Debug|Any CPU
		{304A8B0B-851B-4AA6-A17D-5F87F39C5E5C}.NightlyDebug|Any CPU.Build.0 = Debug|Any CPU
		{304A8B0B-851B-4AA6-A17D-5F87F39C5E5C}.NightlyRelease|Any CPU.ActiveCfg = Release|Any CPU
		{304A8B0B-851B-4AA6-A17D-5F87F39C5E5C}.NightlyRelease|Any CPU.Build.0 = Release|Any CPU
		{304A8B0B-851B-4AA6-A17D-5F87F39C5E5C}.Release|Any CPU.ActiveCfg = Release|Any CPU
		{304A8B0B-851B-4AA6-A17D-5F87F39C5E5C}.Release|Any CPU.Build.0 = Release|Any CPU
		{47D44A88-A9EE-46E9-8780-5B42A503A493}.Debug|Any CPU.ActiveCfg = Debug|Any CPU
		{47D44A88-A9EE-46E9-8780-5B42A503A493}.Debug|Any CPU.Build.0 = Debug|Any CPU
		{47D44A88-A9EE-46E9-8780-5B42A503A493}.NightlyDebug|Any CPU.ActiveCfg = Debug|Any CPU
		{47D44A88-A9EE-46E9-8780-5B42A503A493}.NightlyDebug|Any CPU.Build.0 = Debug|Any CPU
		{47D44A88-A9EE-46E9-8780-5B42A503A493}.NightlyRelease|Any CPU.ActiveCfg = Release|Any CPU
		{47D44A88-A9EE-46E9-8780-5B42A503A493}.NightlyRelease|Any CPU.Build.0 = Release|Any CPU
		{47D44A88-A9EE-46E9-8780-5B42A503A493}.Release|Any CPU.ActiveCfg = Release|Any CPU
		{47D44A88-A9EE-46E9-8780-5B42A503A493}.Release|Any CPU.Build.0 = Release|Any CPU
		{34B9A0CE-DF18-4CBC-8F7A-90C2B74338D5}.Debug|Any CPU.ActiveCfg = Debug|Any CPU
		{34B9A0CE-DF18-4CBC-8F7A-90C2B74338D5}.Debug|Any CPU.Build.0 = Debug|Any CPU
		{34B9A0CE-DF18-4CBC-8F7A-90C2B74338D5}.NightlyDebug|Any CPU.ActiveCfg = Debug|Any CPU
		{34B9A0CE-DF18-4CBC-8F7A-90C2B74338D5}.NightlyDebug|Any CPU.Build.0 = Debug|Any CPU
		{34B9A0CE-DF18-4CBC-8F7A-90C2B74338D5}.NightlyRelease|Any CPU.ActiveCfg = Release|Any CPU
		{34B9A0CE-DF18-4CBC-8F7A-90C2B74338D5}.NightlyRelease|Any CPU.Build.0 = Release|Any CPU
		{34B9A0CE-DF18-4CBC-8F7A-90C2B74338D5}.Release|Any CPU.ActiveCfg = Release|Any CPU
		{34B9A0CE-DF18-4CBC-8F7A-90C2B74338D5}.Release|Any CPU.Build.0 = Release|Any CPU
		{E168C358-7A36-4CC0-9E46-76ED0883D229}.Debug|Any CPU.ActiveCfg = Debug|Any CPU
		{E168C358-7A36-4CC0-9E46-76ED0883D229}.Debug|Any CPU.Build.0 = Debug|Any CPU
		{E168C358-7A36-4CC0-9E46-76ED0883D229}.NightlyDebug|Any CPU.ActiveCfg = Debug|Any CPU
		{E168C358-7A36-4CC0-9E46-76ED0883D229}.NightlyDebug|Any CPU.Build.0 = Debug|Any CPU
		{E168C358-7A36-4CC0-9E46-76ED0883D229}.NightlyRelease|Any CPU.ActiveCfg = Release|Any CPU
		{E168C358-7A36-4CC0-9E46-76ED0883D229}.NightlyRelease|Any CPU.Build.0 = Release|Any CPU
		{E168C358-7A36-4CC0-9E46-76ED0883D229}.Release|Any CPU.ActiveCfg = Release|Any CPU
		{E168C358-7A36-4CC0-9E46-76ED0883D229}.Release|Any CPU.Build.0 = Release|Any CPU
		{A6BABD10-C384-4F9F-93D7-99B935A41719}.Debug|Any CPU.ActiveCfg = Debug|Any CPU
		{A6BABD10-C384-4F9F-93D7-99B935A41719}.Debug|Any CPU.Build.0 = Debug|Any CPU
		{A6BABD10-C384-4F9F-93D7-99B935A41719}.NightlyDebug|Any CPU.ActiveCfg = Debug|Any CPU
		{A6BABD10-C384-4F9F-93D7-99B935A41719}.NightlyDebug|Any CPU.Build.0 = Debug|Any CPU
		{A6BABD10-C384-4F9F-93D7-99B935A41719}.NightlyRelease|Any CPU.ActiveCfg = Release|Any CPU
		{A6BABD10-C384-4F9F-93D7-99B935A41719}.NightlyRelease|Any CPU.Build.0 = Release|Any CPU
		{A6BABD10-C384-4F9F-93D7-99B935A41719}.Release|Any CPU.ActiveCfg = Release|Any CPU
		{A6BABD10-C384-4F9F-93D7-99B935A41719}.Release|Any CPU.Build.0 = Release|Any CPU
		{71B89CE8-CD33-4BC1-A411-4002D367F38D}.Debug|Any CPU.ActiveCfg = Debug|Any CPU
		{71B89CE8-CD33-4BC1-A411-4002D367F38D}.Debug|Any CPU.Build.0 = Debug|Any CPU
		{71B89CE8-CD33-4BC1-A411-4002D367F38D}.NightlyDebug|Any CPU.ActiveCfg = Debug|Any CPU
		{71B89CE8-CD33-4BC1-A411-4002D367F38D}.NightlyDebug|Any CPU.Build.0 = Debug|Any CPU
		{71B89CE8-CD33-4BC1-A411-4002D367F38D}.NightlyRelease|Any CPU.ActiveCfg = Release|Any CPU
		{71B89CE8-CD33-4BC1-A411-4002D367F38D}.NightlyRelease|Any CPU.Build.0 = Release|Any CPU
		{71B89CE8-CD33-4BC1-A411-4002D367F38D}.Release|Any CPU.ActiveCfg = Release|Any CPU
		{71B89CE8-CD33-4BC1-A411-4002D367F38D}.Release|Any CPU.Build.0 = Release|Any CPU
	EndGlobalSection
	GlobalSection(SolutionProperties) = preSolution
		HideSolutionNode = FALSE
	EndGlobalSection
	GlobalSection(NestedProjects) = preSolution
		{47D44A88-A9EE-46E9-8780-5B42A503A493} = {26711007-2037-41A8-834A-890A44BCA53F}
		{E168C358-7A36-4CC0-9E46-76ED0883D229} = {26711007-2037-41A8-834A-890A44BCA53F}
		{A6BABD10-C384-4F9F-93D7-99B935A41719} = {9CA09159-EA0B-4970-BB23-5ED6DACEAE69}
		{71B89CE8-CD33-4BC1-A411-4002D367F38D} = {9CA09159-EA0B-4970-BB23-5ED6DACEAE69}
	EndGlobalSection
EndGlobal
