
Microsoft Visual Studio Solution File, Format Version 12.00
# Visual Studio 2013
VisualStudioVersion = 12.0.40629.0
MinimumVisualStudioVersion = 10.0.40219.1
Project("{2150E333-8FDC-42A3-9474-1A3956D46DE8}") = "SourceEmitters", "SourceEmitters", "{7A77E712-F745-4E50-BAB8-0157F42F7057}"
EndProject
Project("{2150E333-8FDC-42A3-9474-1A3956D46DE8}") = "PE ReaderAndWriter", "PE ReaderAndWriter", "{990B3D93-3447-4D6D-9B62-4144D026A6F1}"
EndProject
Project("{2150E333-8FDC-42A3-9474-1A3956D46DE8}") = "CoreObjectModel", "CoreObjectModel", "{2A7F5BAF-4A44-4211-A2FF-9082B5E8D8B2}"
EndProject
Project("{2150E333-8FDC-42A3-9474-1A3956D46DE8}") = "Converters", "Converters", "{324B8F63-6D63-4C2B-99B5-641042F2DD2F}"
EndProject
Project("{2150E333-8FDC-42A3-9474-1A3956D46DE8}") = "PDB ReaderAndWriter", "PDB ReaderAndWriter", "{7E47C4A0-6C4D-4D22-ABE6-3D34D4EA7171}"
EndProject
Project("{FAE04EC0-301F-11D3-BF4B-00C04F79EFBC}") = "CSharpSourceEmitter", "SourceEmitters\CSharpSourceEmitter\CSharpSourceEmitter.csproj", "{A9103DDA-3A93-441A-8326-6EB20518C251}"
EndProject
Project("{2150E333-8FDC-42A3-9474-1A3956D46DE8}") = "Analysis", "Analysis", "{11BEC5D7-17C3-4F06-8508-457CDBD2336D}"
EndProject
Project("{FAE04EC0-301F-11D3-BF4B-00C04F79EFBC}") = "ControlAndDataFlowGraph", "CodeGenerators\ControlAndDataFlowGraph\ControlAndDataFlowGraph.csproj", "{2596EFB0-87AE-42CE-89EB-84F35D6350D2}"
EndProject
Project("{FAE04EC0-301F-11D3-BF4B-00C04F79EFBC}") = "CodeModelToIL", "Converters\CodeModelToIL\CodeModelToIL.csproj", "{CEB76EA1-A168-49B0-A410-2C4195FEE86F}"
EndProject
Project("{FAE04EC0-301F-11D3-BF4B-00C04F79EFBC}") = "ContractExtractor", "Converters\ContractExtractor\ContractExtractor.csproj", "{0703D916-A881-45E6-A5CD-6BC50E2E30E2}"
EndProject
Project("{FAE04EC0-301F-11D3-BF4B-00C04F79EFBC}") = "ILGenerator", "Converters\ILGenerator\ILGenerator.csproj", "{08156C78-403A-4112-AD81-8646AC51CD2F}"
EndProject
Project("{FAE04EC0-301F-11D3-BF4B-00C04F79EFBC}") = "ReflectionEmitter", "Converters\ReflectionEmitter\ReflectionEmitter.csproj", "{4343021F-2848-4770-A0F5-8C9768F9DA98}"
EndProject
Project("{FAE04EC0-301F-11D3-BF4B-00C04F79EFBC}") = "ReflectionImporter", "Converters\ReflectionImporter\ReflectionImporter.csproj", "{86E871EE-47CF-4473-BDF1-6EB13250F6E9}"
EndProject
Project("{FAE04EC0-301F-11D3-BF4B-00C04F79EFBC}") = "CodeModel", "CoreObjectModel\CodeModel\CodeModel.csproj", "{035FEA7F-0D36-4AE4-B694-EC45191B9AF2}"
EndProject
Project("{FAE04EC0-301F-11D3-BF4B-00C04F79EFBC}") = "MetadataHelper", "CoreObjectModel\MetadataHelper\MetadataHelper.csproj", "{4A34A3C5-6176-49D7-A4C5-B2B671247F8F}"
EndProject
Project("{FAE04EC0-301F-11D3-BF4B-00C04F79EFBC}") = "MutableMetadataModel", "CoreObjectModel\MutableMetadataModel\MutableMetadataModel.csproj", "{319E151C-8F33-49E7-81C9-30F02F9BA90A}"
EndProject
Project("{FAE04EC0-301F-11D3-BF4B-00C04F79EFBC}") = "MutableCodeModel", "CoreObjectModel\MutableCodeModel\MutableCodeModel.csproj", "{319E150C-8F33-49E7-81CA-30F02F9BA90A}"
EndProject
Project("{FAE04EC0-301F-11D3-BF4B-00C04F79EFBC}") = "MetadataModel", "CoreObjectModel\MetadataModel\MetadataModel.csproj", "{33CAB640-0D03-43DF-81BD-22CDC6C0A597}"
EndProject
Project("{FAE04EC0-301F-11D3-BF4B-00C04F79EFBC}") = "SourceModel", "CoreObjectModel\SourceModel\SourceModel.csproj", "{4B0054FD-124A-4037-9965-BDB55E6BF389}"
EndProject
Project("{FAE04EC0-301F-11D3-BF4B-00C04F79EFBC}") = "PdbReader", "PDBReaderAndWriter\PdbReader\PdbReader.csproj", "{A6A31B03-7C3D-4DE6-AA73-BE88116BC40A}"
EndProject
Project("{FAE04EC0-301F-11D3-BF4B-00C04F79EFBC}") = "PdbWriter", "PDBReaderAndWriter\PdbWriter\PdbWriter.csproj", "{6D83F687-ABB5-40B3-915E-CA53DA0EB7F3}"
EndProject
Project("{FAE04EC0-301F-11D3-BF4B-00C04F79EFBC}") = "PeReader", "PEReaderAndWriter\PEReader\PeReader.csproj", "{34B9A0CE-DF18-4CBC-8F7A-90C2B74338D5}"
EndProject
Project("{FAE04EC0-301F-11D3-BF4B-00C04F79EFBC}") = "PeWriter", "PEReaderAndWriter\PEWriter\PeWriter.csproj", "{304A8B0B-851B-4AA6-A17D-5F87F39C5E5C}"
EndProject
Project("{FAE04EC0-301F-11D3-BF4B-00C04F79EFBC}") = "AstsProjectedAsCodeModel", "CoreObjectModel\AstsProjectedAsCodeModel\AstsProjectedAsCodeModel.csproj", "{15FF2982-EBD1-45DC-8FDF-4D901236E3D9}"
EndProject
Project("{FAE04EC0-301F-11D3-BF4B-00C04F79EFBC}") = "NewILToCodeModel", "Converters\NewILToCodeModel\NewILToCodeModel.csproj", "{A555D4CB-F16F-4049-A8CF-180B8A05C755}"
EndProject
Project("{FAE04EC0-301F-11D3-BF4B-00C04F79EFBC}") = "AnalysisUtilities", "CodeGenerators\OptimizationUtilities\AnalysisUtilities.csproj", "{E8B89C56-383A-4A1D-9EEE-E5FE9FC9DE03}"
EndProject
Project("{FAE04EC0-301F-11D3-BF4B-00C04F79EFBC}") = "OptimizationUtilities", "CodeGenerators\Optimization\OptimizationUtilities.csproj", "{CBBD690B-398D-4A4F-ADA6-D418B226243F}"
EndProject
Project("{2150E333-8FDC-42A3-9474-1A3956D46DE8}") = "VB", "VB", "{F36B4F2A-52F8-406D-995C-190FF83EAFFB}"
EndProject
Project("{FAE04EC0-301F-11D3-BF4B-00C04F79EFBC}") = "VBSourceEmitter", "SourceEmitters\VB\VBSourceEmitter\VBSourceEmitter.csproj", "{FC046A88-7F85-4028-A3D2-4986F4C3B73D}"
EndProject
Project("{FAE04EC0-301F-11D3-BF4B-00C04F79EFBC}") = "SourceEmitter", "SourceEmitters\SourceEmitter\SourceEmitter.csproj", "{584898C1-C197-4D9A-8231-90B41C2793C9}"
EndProject
Project("{2150E333-8FDC-42A3-9474-1A3956D46DE8}") = "Merged DLL Subset (.NET Native + CoreFx Tools)", "Merged DLL Subset (.NET Native + CoreFx Tools)", "{38133ADD-B1A7-4940-A5BC-477738DF1D96}"
EndProject
Project("{FAE04EC0-301F-11D3-BF4B-00C04F79EFBC}") = "Microsoft.Cci", "Microsoft.Cci.csproj", "{319E151C-8F33-49E7-81C9-30F02F9BA8BB}"
EndProject
Project("{2150E333-8FDC-42A3-9474-1A3956D46DE8}") = "Samples", "Samples", "{AFDC146D-558D-415C-9E30-41E42EC221DF}"
EndProject
Project("{FAE04EC0-301F-11D3-BF4B-00C04F79EFBC}") = "AsmMeta", "Samples\AsmMeta\AsmMeta.csproj", "{469FD908-B6E8-4BF7-8A47-AF541FA8927E}"
EndProject
Global
	GlobalSection(SolutionConfigurationPlatforms) = preSolution
		Debug|Any CPU = Debug|Any CPU
		Release|Any CPU = Release|Any CPU
	EndGlobalSection
	GlobalSection(ProjectConfigurationPlatforms) = postSolution
		{A9103DDA-3A93-441A-8326-6EB20518C251}.Debug|Any CPU.ActiveCfg = Debug|Any CPU
		{A9103DDA-3A93-441A-8326-6EB20518C251}.Debug|Any CPU.Build.0 = Debug|Any CPU
		{A9103DDA-3A93-441A-8326-6EB20518C251}.Release|Any CPU.ActiveCfg = Release|Any CPU
		{A9103DDA-3A93-441A-8326-6EB20518C251}.Release|Any CPU.Build.0 = Release|Any CPU
		{2596EFB0-87AE-42CE-89EB-84F35D6350D2}.Debug|Any CPU.ActiveCfg = Debug|Any CPU
		{2596EFB0-87AE-42CE-89EB-84F35D6350D2}.Debug|Any CPU.Build.0 = Debug|Any CPU
		{2596EFB0-87AE-42CE-89EB-84F35D6350D2}.Release|Any CPU.ActiveCfg = Release|Any CPU
		{2596EFB0-87AE-42CE-89EB-84F35D6350D2}.Release|Any CPU.Build.0 = Release|Any CPU
		{CEB76EA1-A168-49B0-A410-2C4195FEE86F}.Debug|Any CPU.ActiveCfg = Debug|Any CPU
		{CEB76EA1-A168-49B0-A410-2C4195FEE86F}.Debug|Any CPU.Build.0 = Debug|Any CPU
		{CEB76EA1-A168-49B0-A410-2C4195FEE86F}.Release|Any CPU.ActiveCfg = Release|Any CPU
		{CEB76EA1-A168-49B0-A410-2C4195FEE86F}.Release|Any CPU.Build.0 = Release|Any CPU
		{0703D916-A881-45E6-A5CD-6BC50E2E30E2}.Debug|Any CPU.ActiveCfg = Debug|Any CPU
		{0703D916-A881-45E6-A5CD-6BC50E2E30E2}.Debug|Any CPU.Build.0 = Debug|Any CPU
		{0703D916-A881-45E6-A5CD-6BC50E2E30E2}.Release|Any CPU.ActiveCfg = Release|Any CPU
		{0703D916-A881-45E6-A5CD-6BC50E2E30E2}.Release|Any CPU.Build.0 = Release|Any CPU
		{08156C78-403A-4112-AD81-8646AC51CD2F}.Debug|Any CPU.ActiveCfg = Debug|Any CPU
		{08156C78-403A-4112-AD81-8646AC51CD2F}.Debug|Any CPU.Build.0 = Debug|Any CPU
		{08156C78-403A-4112-AD81-8646AC51CD2F}.Release|Any CPU.ActiveCfg = Release|Any CPU
		{08156C78-403A-4112-AD81-8646AC51CD2F}.Release|Any CPU.Build.0 = Release|Any CPU
		{4343021F-2848-4770-A0F5-8C9768F9DA98}.Debug|Any CPU.ActiveCfg = Debug|Any CPU
		{4343021F-2848-4770-A0F5-8C9768F9DA98}.Debug|Any CPU.Build.0 = Debug|Any CPU
		{4343021F-2848-4770-A0F5-8C9768F9DA98}.Release|Any CPU.ActiveCfg = Release|Any CPU
		{4343021F-2848-4770-A0F5-8C9768F9DA98}.Release|Any CPU.Build.0 = Release|Any CPU
		{86E871EE-47CF-4473-BDF1-6EB13250F6E9}.Debug|Any CPU.ActiveCfg = Debug|Any CPU
		{86E871EE-47CF-4473-BDF1-6EB13250F6E9}.Debug|Any CPU.Build.0 = Debug|Any CPU
		{86E871EE-47CF-4473-BDF1-6EB13250F6E9}.Release|Any CPU.ActiveCfg = Release|Any CPU
		{86E871EE-47CF-4473-BDF1-6EB13250F6E9}.Release|Any CPU.Build.0 = Release|Any CPU
		{035FEA7F-0D36-4AE4-B694-EC45191B9AF2}.Debug|Any CPU.ActiveCfg = Debug|Any CPU
		{035FEA7F-0D36-4AE4-B694-EC45191B9AF2}.Debug|Any CPU.Build.0 = Debug|Any CPU
		{035FEA7F-0D36-4AE4-B694-EC45191B9AF2}.Release|Any CPU.ActiveCfg = Release|Any CPU
		{035FEA7F-0D36-4AE4-B694-EC45191B9AF2}.Release|Any CPU.Build.0 = Release|Any CPU
		{4A34A3C5-6176-49D7-A4C5-B2B671247F8F}.Debug|Any CPU.ActiveCfg = Debug|Any CPU
		{4A34A3C5-6176-49D7-A4C5-B2B671247F8F}.Debug|Any CPU.Build.0 = Debug|Any CPU
		{4A34A3C5-6176-49D7-A4C5-B2B671247F8F}.Release|Any CPU.ActiveCfg = Release|Any CPU
		{4A34A3C5-6176-49D7-A4C5-B2B671247F8F}.Release|Any CPU.Build.0 = Release|Any CPU
		{319E151C-8F33-49E7-81C9-30F02F9BA90A}.Debug|Any CPU.ActiveCfg = Debug|Any CPU
		{319E151C-8F33-49E7-81C9-30F02F9BA90A}.Debug|Any CPU.Build.0 = Debug|Any CPU
		{319E151C-8F33-49E7-81C9-30F02F9BA90A}.Release|Any CPU.ActiveCfg = Release|Any CPU
		{319E151C-8F33-49E7-81C9-30F02F9BA90A}.Release|Any CPU.Build.0 = Release|Any CPU
		{319E150C-8F33-49E7-81CA-30F02F9BA90A}.Debug|Any CPU.ActiveCfg = Debug|Any CPU
		{319E150C-8F33-49E7-81CA-30F02F9BA90A}.Debug|Any CPU.Build.0 = Debug|Any CPU
		{319E150C-8F33-49E7-81CA-30F02F9BA90A}.Release|Any CPU.ActiveCfg = Release|Any CPU
		{319E150C-8F33-49E7-81CA-30F02F9BA90A}.Release|Any CPU.Build.0 = Release|Any CPU
		{33CAB640-0D03-43DF-81BD-22CDC6C0A597}.Debug|Any CPU.ActiveCfg = Debug|Any CPU
		{33CAB640-0D03-43DF-81BD-22CDC6C0A597}.Debug|Any CPU.Build.0 = Debug|Any CPU
		{33CAB640-0D03-43DF-81BD-22CDC6C0A597}.Release|Any CPU.ActiveCfg = Release|Any CPU
		{33CAB640-0D03-43DF-81BD-22CDC6C0A597}.Release|Any CPU.Build.0 = Release|Any CPU
		{4B0054FD-124A-4037-9965-BDB55E6BF389}.Debug|Any CPU.ActiveCfg = Debug|Any CPU
		{4B0054FD-124A-4037-9965-BDB55E6BF389}.Debug|Any CPU.Build.0 = Debug|Any CPU
		{4B0054FD-124A-4037-9965-BDB55E6BF389}.Release|Any CPU.ActiveCfg = Release|Any CPU
		{4B0054FD-124A-4037-9965-BDB55E6BF389}.Release|Any CPU.Build.0 = Release|Any CPU
		{A6A31B03-7C3D-4DE6-AA73-BE88116BC40A}.Debug|Any CPU.ActiveCfg = Debug|Any CPU
		{A6A31B03-7C3D-4DE6-AA73-BE88116BC40A}.Debug|Any CPU.Build.0 = Debug|Any CPU
		{A6A31B03-7C3D-4DE6-AA73-BE88116BC40A}.Release|Any CPU.ActiveCfg = Release|Any CPU
		{A6A31B03-7C3D-4DE6-AA73-BE88116BC40A}.Release|Any CPU.Build.0 = Release|Any CPU
		{6D83F687-ABB5-40B3-915E-CA53DA0EB7F3}.Debug|Any CPU.ActiveCfg = Debug|Any CPU
		{6D83F687-ABB5-40B3-915E-CA53DA0EB7F3}.Debug|Any CPU.Build.0 = Debug|Any CPU
		{6D83F687-ABB5-40B3-915E-CA53DA0EB7F3}.Release|Any CPU.ActiveCfg = Release|Any CPU
		{6D83F687-ABB5-40B3-915E-CA53DA0EB7F3}.Release|Any CPU.Build.0 = Release|Any CPU
		{34B9A0CE-DF18-4CBC-8F7A-90C2B74338D5}.Debug|Any CPU.ActiveCfg = Debug|Any CPU
		{34B9A0CE-DF18-4CBC-8F7A-90C2B74338D5}.Debug|Any CPU.Build.0 = Debug|Any CPU
		{34B9A0CE-DF18-4CBC-8F7A-90C2B74338D5}.Release|Any CPU.ActiveCfg = Release|Any CPU
		{34B9A0CE-DF18-4CBC-8F7A-90C2B74338D5}.Release|Any CPU.Build.0 = Release|Any CPU
		{304A8B0B-851B-4AA6-A17D-5F87F39C5E5C}.Debug|Any CPU.ActiveCfg = Debug|Any CPU
		{304A8B0B-851B-4AA6-A17D-5F87F39C5E5C}.Debug|Any CPU.Build.0 = Debug|Any CPU
		{304A8B0B-851B-4AA6-A17D-5F87F39C5E5C}.Release|Any CPU.ActiveCfg = Release|Any CPU
		{304A8B0B-851B-4AA6-A17D-5F87F39C5E5C}.Release|Any CPU.Build.0 = Release|Any CPU
		{15FF2982-EBD1-45DC-8FDF-4D901236E3D9}.Debug|Any CPU.ActiveCfg = Debug|Any CPU
		{15FF2982-EBD1-45DC-8FDF-4D901236E3D9}.Debug|Any CPU.Build.0 = Debug|Any CPU
		{15FF2982-EBD1-45DC-8FDF-4D901236E3D9}.Release|Any CPU.ActiveCfg = Release|Any CPU
		{15FF2982-EBD1-45DC-8FDF-4D901236E3D9}.Release|Any CPU.Build.0 = Release|Any CPU
		{A555D4CB-F16F-4049-A8CF-180B8A05C755}.Debug|Any CPU.ActiveCfg = Debug|Any CPU
		{A555D4CB-F16F-4049-A8CF-180B8A05C755}.Debug|Any CPU.Build.0 = Debug|Any CPU
		{A555D4CB-F16F-4049-A8CF-180B8A05C755}.Release|Any CPU.ActiveCfg = Release|Any CPU
		{A555D4CB-F16F-4049-A8CF-180B8A05C755}.Release|Any CPU.Build.0 = Release|Any CPU
		{E8B89C56-383A-4A1D-9EEE-E5FE9FC9DE03}.Debug|Any CPU.ActiveCfg = Debug|Any CPU
		{E8B89C56-383A-4A1D-9EEE-E5FE9FC9DE03}.Debug|Any CPU.Build.0 = Debug|Any CPU
		{E8B89C56-383A-4A1D-9EEE-E5FE9FC9DE03}.Release|Any CPU.ActiveCfg = Release|Any CPU
		{E8B89C56-383A-4A1D-9EEE-E5FE9FC9DE03}.Release|Any CPU.Build.0 = Release|Any CPU
		{CBBD690B-398D-4A4F-ADA6-D418B226243F}.Debug|Any CPU.ActiveCfg = Debug|Any CPU
		{CBBD690B-398D-4A4F-ADA6-D418B226243F}.Debug|Any CPU.Build.0 = Debug|Any CPU
		{CBBD690B-398D-4A4F-ADA6-D418B226243F}.Release|Any CPU.ActiveCfg = Release|Any CPU
		{CBBD690B-398D-4A4F-ADA6-D418B226243F}.Release|Any CPU.Build.0 = Release|Any CPU
		{FC046A88-7F85-4028-A3D2-4986F4C3B73D}.Debug|Any CPU.ActiveCfg = Debug|Any CPU
		{FC046A88-7F85-4028-A3D2-4986F4C3B73D}.Debug|Any CPU.Build.0 = Debug|Any CPU
		{FC046A88-7F85-4028-A3D2-4986F4C3B73D}.Release|Any CPU.ActiveCfg = Release|Any CPU
		{FC046A88-7F85-4028-A3D2-4986F4C3B73D}.Release|Any CPU.Build.0 = Release|Any CPU
		{584898C1-C197-4D9A-8231-90B41C2793C9}.Debug|Any CPU.ActiveCfg = Debug|Any CPU
		{584898C1-C197-4D9A-8231-90B41C2793C9}.Debug|Any CPU.Build.0 = Debug|Any CPU
		{584898C1-C197-4D9A-8231-90B41C2793C9}.Release|Any CPU.ActiveCfg = Release|Any CPU
		{584898C1-C197-4D9A-8231-90B41C2793C9}.Release|Any CPU.Build.0 = Release|Any CPU
		{319E151C-8F33-49E7-81C9-30F02F9BA8BB}.Debug|Any CPU.ActiveCfg = Debug_GitHub|Any CPU
		{319E151C-8F33-49E7-81C9-30F02F9BA8BB}.Debug|Any CPU.Build.0 = Debug_GitHub|Any CPU
		{319E151C-8F33-49E7-81C9-30F02F9BA8BB}.Release|Any CPU.ActiveCfg = Release_GitHub|Any CPU
		{319E151C-8F33-49E7-81C9-30F02F9BA8BB}.Release|Any CPU.Build.0 = Release_GitHub|Any CPU
		{469FD908-B6E8-4BF7-8A47-AF541FA8927E}.Debug|Any CPU.ActiveCfg = Debug|Any CPU
		{469FD908-B6E8-4BF7-8A47-AF541FA8927E}.Debug|Any CPU.Build.0 = Debug|Any CPU
		{469FD908-B6E8-4BF7-8A47-AF541FA8927E}.Release|Any CPU.ActiveCfg = Release|Any CPU
		{469FD908-B6E8-4BF7-8A47-AF541FA8927E}.Release|Any CPU.Build.0 = Release|Any CPU
	EndGlobalSection
	GlobalSection(SolutionProperties) = preSolution
		HideSolutionNode = FALSE
	EndGlobalSection
	GlobalSection(NestedProjects) = preSolution
		{A9103DDA-3A93-441A-8326-6EB20518C251} = {7A77E712-F745-4E50-BAB8-0157F42F7057}
		{2596EFB0-87AE-42CE-89EB-84F35D6350D2} = {11BEC5D7-17C3-4F06-8508-457CDBD2336D}
		{CEB76EA1-A168-49B0-A410-2C4195FEE86F} = {324B8F63-6D63-4C2B-99B5-641042F2DD2F}
		{0703D916-A881-45E6-A5CD-6BC50E2E30E2} = {324B8F63-6D63-4C2B-99B5-641042F2DD2F}
		{08156C78-403A-4112-AD81-8646AC51CD2F} = {324B8F63-6D63-4C2B-99B5-641042F2DD2F}
		{4343021F-2848-4770-A0F5-8C9768F9DA98} = {324B8F63-6D63-4C2B-99B5-641042F2DD2F}
		{86E871EE-47CF-4473-BDF1-6EB13250F6E9} = {324B8F63-6D63-4C2B-99B5-641042F2DD2F}
		{035FEA7F-0D36-4AE4-B694-EC45191B9AF2} = {2A7F5BAF-4A44-4211-A2FF-9082B5E8D8B2}
		{4A34A3C5-6176-49D7-A4C5-B2B671247F8F} = {2A7F5BAF-4A44-4211-A2FF-9082B5E8D8B2}
		{319E151C-8F33-49E7-81C9-30F02F9BA90A} = {2A7F5BAF-4A44-4211-A2FF-9082B5E8D8B2}
		{319E150C-8F33-49E7-81CA-30F02F9BA90A} = {2A7F5BAF-4A44-4211-A2FF-9082B5E8D8B2}
		{33CAB640-0D03-43DF-81BD-22CDC6C0A597} = {2A7F5BAF-4A44-4211-A2FF-9082B5E8D8B2}
		{4B0054FD-124A-4037-9965-BDB55E6BF389} = {2A7F5BAF-4A44-4211-A2FF-9082B5E8D8B2}
		{A6A31B03-7C3D-4DE6-AA73-BE88116BC40A} = {7E47C4A0-6C4D-4D22-ABE6-3D34D4EA7171}
		{6D83F687-ABB5-40B3-915E-CA53DA0EB7F3} = {7E47C4A0-6C4D-4D22-ABE6-3D34D4EA7171}
		{34B9A0CE-DF18-4CBC-8F7A-90C2B74338D5} = {990B3D93-3447-4D6D-9B62-4144D026A6F1}
		{304A8B0B-851B-4AA6-A17D-5F87F39C5E5C} = {990B3D93-3447-4D6D-9B62-4144D026A6F1}
		{15FF2982-EBD1-45DC-8FDF-4D901236E3D9} = {2A7F5BAF-4A44-4211-A2FF-9082B5E8D8B2}
		{A555D4CB-F16F-4049-A8CF-180B8A05C755} = {324B8F63-6D63-4C2B-99B5-641042F2DD2F}
		{E8B89C56-383A-4A1D-9EEE-E5FE9FC9DE03} = {11BEC5D7-17C3-4F06-8508-457CDBD2336D}
		{CBBD690B-398D-4A4F-ADA6-D418B226243F} = {11BEC5D7-17C3-4F06-8508-457CDBD2336D}
		{F36B4F2A-52F8-406D-995C-190FF83EAFFB} = {7A77E712-F745-4E50-BAB8-0157F42F7057}
		{FC046A88-7F85-4028-A3D2-4986F4C3B73D} = {F36B4F2A-52F8-406D-995C-190FF83EAFFB}
		{584898C1-C197-4D9A-8231-90B41C2793C9} = {7A77E712-F745-4E50-BAB8-0157F42F7057}
		{319E151C-8F33-49E7-81C9-30F02F9BA8BB} = {38133ADD-B1A7-4940-A5BC-477738DF1D96}
		{469FD908-B6E8-4BF7-8A47-AF541FA8927E} = {AFDC146D-558D-415C-9E30-41E42EC221DF}
	EndGlobalSection
EndGlobal
